// !$*UTF8*$!
{
	archiveVersion = 1;
	classes = {
	};
	objectVersion = 46;
	objects = {

/* Begin PBXBuildFile section */
		8127BC0F1543489C00CBDC8A /* ASIAuthenticationDialog.m in Sources */ = {isa = PBXBuildFile; fileRef = 8127BBA21543489C00CBDC8A /* ASIAuthenticationDialog.m */; settings = {COMPILER_FLAGS = "-fno-objc-arc"; }; };
		8127BC101543489C00CBDC8A /* ASIDataCompressor.m in Sources */ = {isa = PBXBuildFile; fileRef = 8127BBA51543489C00CBDC8A /* ASIDataCompressor.m */; settings = {COMPILER_FLAGS = "-fno-objc-arc"; }; };
		8127BC111543489C00CBDC8A /* ASIDataDecompressor.m in Sources */ = {isa = PBXBuildFile; fileRef = 8127BBA71543489C00CBDC8A /* ASIDataDecompressor.m */; settings = {COMPILER_FLAGS = "-fno-objc-arc"; }; };
		8127BC121543489C00CBDC8A /* ASIDownloadCache.m in Sources */ = {isa = PBXBuildFile; fileRef = 8127BBA91543489C00CBDC8A /* ASIDownloadCache.m */; settings = {COMPILER_FLAGS = "-fno-objc-arc"; }; };
		8127BC131543489C00CBDC8A /* ASIFormDataRequest.m in Sources */ = {isa = PBXBuildFile; fileRef = 8127BBAB1543489C00CBDC8A /* ASIFormDataRequest.m */; settings = {COMPILER_FLAGS = "-fno-objc-arc"; }; };
		8127BC141543489C00CBDC8A /* ASIHTTPRequest.m in Sources */ = {isa = PBXBuildFile; fileRef = 8127BBAD1543489C00CBDC8A /* ASIHTTPRequest.m */; settings = {COMPILER_FLAGS = "-fno-objc-arc"; }; };
		8127BC151543489C00CBDC8A /* ASIInputStream.m in Sources */ = {isa = PBXBuildFile; fileRef = 8127BBB11543489C00CBDC8A /* ASIInputStream.m */; settings = {COMPILER_FLAGS = "-fno-objc-arc"; }; };
		8127BC161543489C00CBDC8A /* ASINetworkQueue.m in Sources */ = {isa = PBXBuildFile; fileRef = 8127BBB31543489C00CBDC8A /* ASINetworkQueue.m */; settings = {COMPILER_FLAGS = "-fno-objc-arc"; }; };
		8127BC351543489C00CBDC8A /* NSObject+SBJson.m in Sources */ = {isa = PBXBuildFile; fileRef = 8127BBF71543489C00CBDC8A /* NSObject+SBJson.m */; settings = {COMPILER_FLAGS = "-fno-objc-arc"; }; };
		8127BC361543489C00CBDC8A /* SBJsonParser.m in Sources */ = {isa = PBXBuildFile; fileRef = 8127BBFA1543489C00CBDC8A /* SBJsonParser.m */; settings = {COMPILER_FLAGS = "-fno-objc-arc"; }; };
		8127BC371543489C00CBDC8A /* SBJsonStreamParser.m in Sources */ = {isa = PBXBuildFile; fileRef = 8127BBFC1543489C00CBDC8A /* SBJsonStreamParser.m */; settings = {COMPILER_FLAGS = "-fno-objc-arc"; }; };
		8127BC381543489C00CBDC8A /* SBJsonStreamParserAccumulator.m in Sources */ = {isa = PBXBuildFile; fileRef = 8127BBFE1543489C00CBDC8A /* SBJsonStreamParserAccumulator.m */; settings = {COMPILER_FLAGS = "-fno-objc-arc"; }; };
		8127BC391543489C00CBDC8A /* SBJsonStreamParserAdapter.m in Sources */ = {isa = PBXBuildFile; fileRef = 8127BC001543489C00CBDC8A /* SBJsonStreamParserAdapter.m */; settings = {COMPILER_FLAGS = "-fno-objc-arc"; }; };
		8127BC3A1543489C00CBDC8A /* SBJsonStreamParserState.m in Sources */ = {isa = PBXBuildFile; fileRef = 8127BC021543489C00CBDC8A /* SBJsonStreamParserState.m */; settings = {COMPILER_FLAGS = "-fno-objc-arc"; }; };
		8127BC3B1543489C00CBDC8A /* SBJsonStreamWriter.m in Sources */ = {isa = PBXBuildFile; fileRef = 8127BC041543489C00CBDC8A /* SBJsonStreamWriter.m */; settings = {COMPILER_FLAGS = "-fno-objc-arc"; }; };
		8127BC3C1543489C00CBDC8A /* SBJsonStreamWriterAccumulator.m in Sources */ = {isa = PBXBuildFile; fileRef = 8127BC061543489C00CBDC8A /* SBJsonStreamWriterAccumulator.m */; settings = {COMPILER_FLAGS = "-fno-objc-arc"; }; };
		8127BC3D1543489C00CBDC8A /* SBJsonStreamWriterState.m in Sources */ = {isa = PBXBuildFile; fileRef = 8127BC081543489C00CBDC8A /* SBJsonStreamWriterState.m */; settings = {COMPILER_FLAGS = "-fno-objc-arc"; }; };
		8127BC3E1543489C00CBDC8A /* SBJsonTokeniser.m in Sources */ = {isa = PBXBuildFile; fileRef = 8127BC0A1543489C00CBDC8A /* SBJsonTokeniser.m */; settings = {COMPILER_FLAGS = "-fno-objc-arc"; }; };
		8127BC3F1543489C00CBDC8A /* SBJsonUTF8Stream.m in Sources */ = {isa = PBXBuildFile; fileRef = 8127BC0C1543489C00CBDC8A /* SBJsonUTF8Stream.m */; settings = {COMPILER_FLAGS = "-fno-objc-arc"; }; };
		8127BC401543489C00CBDC8A /* SBJsonWriter.m in Sources */ = {isa = PBXBuildFile; fileRef = 8127BC0E1543489C00CBDC8A /* SBJsonWriter.m */; settings = {COMPILER_FLAGS = "-fno-objc-arc"; }; };
		8127BC4415434AC200CBDC8A /* Reachability.m in Sources */ = {isa = PBXBuildFile; fileRef = 8127BC4315434AC200CBDC8A /* Reachability.m */; settings = {COMPILER_FLAGS = "-fno-objc-arc"; }; };
		812EFCA714F0495E0094A100 /* UIKit.framework in Frameworks */ = {isa = PBXBuildFile; fileRef = 812EFCA614F0495E0094A100 /* UIKit.framework */; };
		812EFCA914F0495E0094A100 /* Foundation.framework in Frameworks */ = {isa = PBXBuildFile; fileRef = 812EFCA814F0495E0094A100 /* Foundation.framework */; };
		812EFCAB14F0495E0094A100 /* CoreGraphics.framework in Frameworks */ = {isa = PBXBuildFile; fileRef = 812EFCAA14F0495E0094A100 /* CoreGraphics.framework */; };
		812EFCB114F0495E0094A100 /* InfoPlist.strings in Resources */ = {isa = PBXBuildFile; fileRef = 812EFCAF14F0495E0094A100 /* InfoPlist.strings */; };
		812EFCB314F0495E0094A100 /* main.m in Sources */ = {isa = PBXBuildFile; fileRef = 812EFCB214F0495E0094A100 /* main.m */; };
		812EFCB714F0495E0094A100 /* MMAppDelegate.m in Sources */ = {isa = PBXBuildFile; fileRef = 812EFCB614F0495E0094A100 /* MMAppDelegate.m */; };
		812EFCBA14F0495E0094A100 /* MainStoryboard.storyboard in Resources */ = {isa = PBXBuildFile; fileRef = 812EFCB814F0495E0094A100 /* MainStoryboard.storyboard */; };
		812EFCBD14F0495E0094A100 /* MMMasterViewController.m in Sources */ = {isa = PBXBuildFile; fileRef = 812EFCBC14F0495E0094A100 /* MMMasterViewController.m */; };
		812EFCC014F0495E0094A100 /* MMDetailViewController.m in Sources */ = {isa = PBXBuildFile; fileRef = 812EFCBF14F0495E0094A100 /* MMDetailViewController.m */; };
		812EFCC814F050DF0094A100 /* MMApiLoader.m in Sources */ = {isa = PBXBuildFile; fileRef = 812EFCC714F050DF0094A100 /* MMApiLoader.m */; };
		812EFCF414F05C3B0094A100 /* MMInsertSheet.m in Sources */ = {isa = PBXBuildFile; fileRef = 812EFCF314F05C3B0094A100 /* MMInsertSheet.m */; };
		812EFD7814F0A0B30094A100 /* CFNetwork.framework in Frameworks */ = {isa = PBXBuildFile; fileRef = 812EFD7714F0A0B30094A100 /* CFNetwork.framework */; };
		812EFDF814F0A3900094A100 /* MobileCoreServices.framework in Frameworks */ = {isa = PBXBuildFile; fileRef = 812EFDF714F0A3900094A100 /* MobileCoreServices.framework */; };
		812EFDFA14F0A3980094A100 /* SystemConfiguration.framework in Frameworks */ = {isa = PBXBuildFile; fileRef = 812EFDF914F0A3980094A100 /* SystemConfiguration.framework */; };
		812EFDFE14F0A3D60094A100 /* libz.dylib in Frameworks */ = {isa = PBXBuildFile; fileRef = 812EFDFD14F0A3D60094A100 /* libz.dylib */; };
		8198475B15352C24008D246C /* Official Icon @57.png in Resources */ = {isa = PBXBuildFile; fileRef = 8198475A15352C24008D246C /* Official Icon @57.png */; };
		81BCE66914F2252A0006A926 /* bg.png in Resources */ = {isa = PBXBuildFile; fileRef = 81BCE66214F2252A0006A926 /* bg.png */; };
		81BCE66A14F2252A0006A926 /* bubble.png in Resources */ = {isa = PBXBuildFile; fileRef = 81BCE66314F2252A0006A926 /* bubble.png */; };
		81BCE66B14F2252A0006A926 /* corners.png in Resources */ = {isa = PBXBuildFile; fileRef = 81BCE66414F2252A0006A926 /* corners.png */; };
		81BCE66C14F2252A0006A926 /* dragNdrop.png in Resources */ = {isa = PBXBuildFile; fileRef = 81BCE66514F2252A0006A926 /* dragNdrop.png */; };
		81BCE66D14F2252A0006A926 /* link.png in Resources */ = {isa = PBXBuildFile; fileRef = 81BCE66614F2252A0006A926 /* link.png */; };
		81BCE66E14F2252A0006A926 /* text.png in Resources */ = {isa = PBXBuildFile; fileRef = 81BCE66714F2252A0006A926 /* text.png */; };
		81BCE66F14F2252A0006A926 /* type_icons.png in Resources */ = {isa = PBXBuildFile; fileRef = 81BCE66814F2252A0006A926 /* type_icons.png */; };
		81BCE67114F2E3870006A926 /* photo.png in Resources */ = {isa = PBXBuildFile; fileRef = 81BCE67014F2E3870006A926 /* photo.png */; };
		81BCE67F14F2F2120006A926 /* Icon@57.png in Resources */ = {isa = PBXBuildFile; fileRef = 81BCE67E14F2F2120006A926 /* Icon@57.png */; };
		81E60B3414F58CF000F59CBB /* dragNdrop.png in Resources */ = {isa = PBXBuildFile; fileRef = 81E60B3114F58CF000F59CBB /* dragNdrop.png */; };
		81E60B3514F58CF000F59CBB /* Icon.png in Resources */ = {isa = PBXBuildFile; fileRef = 81E60B3214F58CF000F59CBB /* Icon.png */; };
		81E60B3614F58CF000F59CBB /* Icon@57.png in Resources */ = {isa = PBXBuildFile; fileRef = 81E60B3314F58CF000F59CBB /* Icon@57.png */; };
		81E60B3A14F58E8E00F59CBB /* MMApiWrapper.m in Sources */ = {isa = PBXBuildFile; fileRef = 81E60B3914F58E8E00F59CBB /* MMApiWrapper.m */; };
		81E60B4414F59DC200F59CBB /* MMLoginViewController.m in Sources */ = {isa = PBXBuildFile; fileRef = 81E60B4314F59DC200F59CBB /* MMLoginViewController.m */; };
		81E60B4714F5A4B700F59CBB /* MMRegisterViewController.m in Sources */ = {isa = PBXBuildFile; fileRef = 81E60B4614F5A4B700F59CBB /* MMRegisterViewController.m */; };
		81EAA3B414F995D600213500 /* MMSplashScreenViewController.m in Sources */ = {isa = PBXBuildFile; fileRef = 81EAA3B314F995D600213500 /* MMSplashScreenViewController.m */; };
		81FC0E0214F0BBDC0086E9ED /* AssetsLibrary.framework in Frameworks */ = {isa = PBXBuildFile; fileRef = 81FC0E0114F0BBDC0086E9ED /* AssetsLibrary.framework */; };
		81FC0E0B14F1E09C0086E9ED /* MMTextEntry.m in Sources */ = {isa = PBXBuildFile; fileRef = 81FC0E0A14F1E09B0086E9ED /* MMTextEntry.m */; };
/* End PBXBuildFile section */

/* Begin PBXFileReference section */
		8127BBA11543489C00CBDC8A /* ASIAuthenticationDialog.h */ = {isa = PBXFileReference; fileEncoding = 4; lastKnownFileType = sourcecode.c.h; path = ASIAuthenticationDialog.h; sourceTree = "<group>"; };
		8127BBA21543489C00CBDC8A /* ASIAuthenticationDialog.m */ = {isa = PBXFileReference; fileEncoding = 4; lastKnownFileType = sourcecode.c.objc; path = ASIAuthenticationDialog.m; sourceTree = "<group>"; };
		8127BBA31543489C00CBDC8A /* ASICacheDelegate.h */ = {isa = PBXFileReference; fileEncoding = 4; lastKnownFileType = sourcecode.c.h; path = ASICacheDelegate.h; sourceTree = "<group>"; };
		8127BBA41543489C00CBDC8A /* ASIDataCompressor.h */ = {isa = PBXFileReference; fileEncoding = 4; lastKnownFileType = sourcecode.c.h; path = ASIDataCompressor.h; sourceTree = "<group>"; };
		8127BBA51543489C00CBDC8A /* ASIDataCompressor.m */ = {isa = PBXFileReference; fileEncoding = 4; lastKnownFileType = sourcecode.c.objc; path = ASIDataCompressor.m; sourceTree = "<group>"; };
		8127BBA61543489C00CBDC8A /* ASIDataDecompressor.h */ = {isa = PBXFileReference; fileEncoding = 4; lastKnownFileType = sourcecode.c.h; path = ASIDataDecompressor.h; sourceTree = "<group>"; };
		8127BBA71543489C00CBDC8A /* ASIDataDecompressor.m */ = {isa = PBXFileReference; fileEncoding = 4; lastKnownFileType = sourcecode.c.objc; path = ASIDataDecompressor.m; sourceTree = "<group>"; };
		8127BBA81543489C00CBDC8A /* ASIDownloadCache.h */ = {isa = PBXFileReference; fileEncoding = 4; lastKnownFileType = sourcecode.c.h; path = ASIDownloadCache.h; sourceTree = "<group>"; };
		8127BBA91543489C00CBDC8A /* ASIDownloadCache.m */ = {isa = PBXFileReference; fileEncoding = 4; lastKnownFileType = sourcecode.c.objc; path = ASIDownloadCache.m; sourceTree = "<group>"; };
		8127BBAA1543489C00CBDC8A /* ASIFormDataRequest.h */ = {isa = PBXFileReference; fileEncoding = 4; lastKnownFileType = sourcecode.c.h; path = ASIFormDataRequest.h; sourceTree = "<group>"; };
		8127BBAB1543489C00CBDC8A /* ASIFormDataRequest.m */ = {isa = PBXFileReference; fileEncoding = 4; lastKnownFileType = sourcecode.c.objc; path = ASIFormDataRequest.m; sourceTree = "<group>"; };
		8127BBAC1543489C00CBDC8A /* ASIHTTPRequest.h */ = {isa = PBXFileReference; fileEncoding = 4; lastKnownFileType = sourcecode.c.h; path = ASIHTTPRequest.h; sourceTree = "<group>"; };
		8127BBAD1543489C00CBDC8A /* ASIHTTPRequest.m */ = {isa = PBXFileReference; fileEncoding = 4; lastKnownFileType = sourcecode.c.objc; path = ASIHTTPRequest.m; sourceTree = "<group>"; };
		8127BBAE1543489C00CBDC8A /* ASIHTTPRequestConfig.h */ = {isa = PBXFileReference; fileEncoding = 4; lastKnownFileType = sourcecode.c.h; path = ASIHTTPRequestConfig.h; sourceTree = "<group>"; };
		8127BBAF1543489C00CBDC8A /* ASIHTTPRequestDelegate.h */ = {isa = PBXFileReference; fileEncoding = 4; lastKnownFileType = sourcecode.c.h; path = ASIHTTPRequestDelegate.h; sourceTree = "<group>"; };
		8127BBB01543489C00CBDC8A /* ASIInputStream.h */ = {isa = PBXFileReference; fileEncoding = 4; lastKnownFileType = sourcecode.c.h; path = ASIInputStream.h; sourceTree = "<group>"; };
		8127BBB11543489C00CBDC8A /* ASIInputStream.m */ = {isa = PBXFileReference; fileEncoding = 4; lastKnownFileType = sourcecode.c.objc; path = ASIInputStream.m; sourceTree = "<group>"; };
		8127BBB21543489C00CBDC8A /* ASINetworkQueue.h */ = {isa = PBXFileReference; fileEncoding = 4; lastKnownFileType = sourcecode.c.h; path = ASINetworkQueue.h; sourceTree = "<group>"; };
		8127BBB31543489C00CBDC8A /* ASINetworkQueue.m */ = {isa = PBXFileReference; fileEncoding = 4; lastKnownFileType = sourcecode.c.objc; path = ASINetworkQueue.m; sourceTree = "<group>"; };
		8127BBB41543489C00CBDC8A /* ASIProgressDelegate.h */ = {isa = PBXFileReference; fileEncoding = 4; lastKnownFileType = sourcecode.c.h; path = ASIProgressDelegate.h; sourceTree = "<group>"; };
		8127BBF61543489C00CBDC8A /* NSObject+SBJson.h */ = {isa = PBXFileReference; fileEncoding = 4; lastKnownFileType = sourcecode.c.h; path = "NSObject+SBJson.h"; sourceTree = "<group>"; };
		8127BBF71543489C00CBDC8A /* NSObject+SBJson.m */ = {isa = PBXFileReference; fileEncoding = 4; lastKnownFileType = sourcecode.c.objc; path = "NSObject+SBJson.m"; sourceTree = "<group>"; };
		8127BBF81543489C00CBDC8A /* SBJson.h */ = {isa = PBXFileReference; fileEncoding = 4; lastKnownFileType = sourcecode.c.h; path = SBJson.h; sourceTree = "<group>"; };
		8127BBF91543489C00CBDC8A /* SBJsonParser.h */ = {isa = PBXFileReference; fileEncoding = 4; lastKnownFileType = sourcecode.c.h; path = SBJsonParser.h; sourceTree = "<group>"; };
		8127BBFA1543489C00CBDC8A /* SBJsonParser.m */ = {isa = PBXFileReference; fileEncoding = 4; lastKnownFileType = sourcecode.c.objc; path = SBJsonParser.m; sourceTree = "<group>"; };
		8127BBFB1543489C00CBDC8A /* SBJsonStreamParser.h */ = {isa = PBXFileReference; fileEncoding = 4; lastKnownFileType = sourcecode.c.h; path = SBJsonStreamParser.h; sourceTree = "<group>"; };
		8127BBFC1543489C00CBDC8A /* SBJsonStreamParser.m */ = {isa = PBXFileReference; fileEncoding = 4; lastKnownFileType = sourcecode.c.objc; path = SBJsonStreamParser.m; sourceTree = "<group>"; };
		8127BBFD1543489C00CBDC8A /* SBJsonStreamParserAccumulator.h */ = {isa = PBXFileReference; fileEncoding = 4; lastKnownFileType = sourcecode.c.h; path = SBJsonStreamParserAccumulator.h; sourceTree = "<group>"; };
		8127BBFE1543489C00CBDC8A /* SBJsonStreamParserAccumulator.m */ = {isa = PBXFileReference; fileEncoding = 4; lastKnownFileType = sourcecode.c.objc; path = SBJsonStreamParserAccumulator.m; sourceTree = "<group>"; };
		8127BBFF1543489C00CBDC8A /* SBJsonStreamParserAdapter.h */ = {isa = PBXFileReference; fileEncoding = 4; lastKnownFileType = sourcecode.c.h; path = SBJsonStreamParserAdapter.h; sourceTree = "<group>"; };
		8127BC001543489C00CBDC8A /* SBJsonStreamParserAdapter.m */ = {isa = PBXFileReference; fileEncoding = 4; lastKnownFileType = sourcecode.c.objc; path = SBJsonStreamParserAdapter.m; sourceTree = "<group>"; };
		8127BC011543489C00CBDC8A /* SBJsonStreamParserState.h */ = {isa = PBXFileReference; fileEncoding = 4; lastKnownFileType = sourcecode.c.h; path = SBJsonStreamParserState.h; sourceTree = "<group>"; };
		8127BC021543489C00CBDC8A /* SBJsonStreamParserState.m */ = {isa = PBXFileReference; fileEncoding = 4; lastKnownFileType = sourcecode.c.objc; path = SBJsonStreamParserState.m; sourceTree = "<group>"; };
		8127BC031543489C00CBDC8A /* SBJsonStreamWriter.h */ = {isa = PBXFileReference; fileEncoding = 4; lastKnownFileType = sourcecode.c.h; path = SBJsonStreamWriter.h; sourceTree = "<group>"; };
		8127BC041543489C00CBDC8A /* SBJsonStreamWriter.m */ = {isa = PBXFileReference; fileEncoding = 4; lastKnownFileType = sourcecode.c.objc; path = SBJsonStreamWriter.m; sourceTree = "<group>"; };
		8127BC051543489C00CBDC8A /* SBJsonStreamWriterAccumulator.h */ = {isa = PBXFileReference; fileEncoding = 4; lastKnownFileType = sourcecode.c.h; path = SBJsonStreamWriterAccumulator.h; sourceTree = "<group>"; };
		8127BC061543489C00CBDC8A /* SBJsonStreamWriterAccumulator.m */ = {isa = PBXFileReference; fileEncoding = 4; lastKnownFileType = sourcecode.c.objc; path = SBJsonStreamWriterAccumulator.m; sourceTree = "<group>"; };
		8127BC071543489C00CBDC8A /* SBJsonStreamWriterState.h */ = {isa = PBXFileReference; fileEncoding = 4; lastKnownFileType = sourcecode.c.h; path = SBJsonStreamWriterState.h; sourceTree = "<group>"; };
		8127BC081543489C00CBDC8A /* SBJsonStreamWriterState.m */ = {isa = PBXFileReference; fileEncoding = 4; lastKnownFileType = sourcecode.c.objc; path = SBJsonStreamWriterState.m; sourceTree = "<group>"; };
		8127BC091543489C00CBDC8A /* SBJsonTokeniser.h */ = {isa = PBXFileReference; fileEncoding = 4; lastKnownFileType = sourcecode.c.h; path = SBJsonTokeniser.h; sourceTree = "<group>"; };
		8127BC0A1543489C00CBDC8A /* SBJsonTokeniser.m */ = {isa = PBXFileReference; fileEncoding = 4; lastKnownFileType = sourcecode.c.objc; path = SBJsonTokeniser.m; sourceTree = "<group>"; };
		8127BC0B1543489C00CBDC8A /* SBJsonUTF8Stream.h */ = {isa = PBXFileReference; fileEncoding = 4; lastKnownFileType = sourcecode.c.h; path = SBJsonUTF8Stream.h; sourceTree = "<group>"; };
		8127BC0C1543489C00CBDC8A /* SBJsonUTF8Stream.m */ = {isa = PBXFileReference; fileEncoding = 4; lastKnownFileType = sourcecode.c.objc; path = SBJsonUTF8Stream.m; sourceTree = "<group>"; };
		8127BC0D1543489C00CBDC8A /* SBJsonWriter.h */ = {isa = PBXFileReference; fileEncoding = 4; lastKnownFileType = sourcecode.c.h; path = SBJsonWriter.h; sourceTree = "<group>"; };
		8127BC0E1543489C00CBDC8A /* SBJsonWriter.m */ = {isa = PBXFileReference; fileEncoding = 4; lastKnownFileType = sourcecode.c.objc; path = SBJsonWriter.m; sourceTree = "<group>"; };
		8127BC4215434AC200CBDC8A /* Reachability.h */ = {isa = PBXFileReference; fileEncoding = 4; lastKnownFileType = sourcecode.c.h; path = Reachability.h; sourceTree = "<group>"; };
		8127BC4315434AC200CBDC8A /* Reachability.m */ = {isa = PBXFileReference; fileEncoding = 4; lastKnownFileType = sourcecode.c.objc; path = Reachability.m; sourceTree = "<group>"; };
		812EFCA214F0495E0094A100 /* Memento.app */ = {isa = PBXFileReference; explicitFileType = wrapper.application; includeInIndex = 0; path = Memento.app; sourceTree = BUILT_PRODUCTS_DIR; };
		812EFCA614F0495E0094A100 /* UIKit.framework */ = {isa = PBXFileReference; lastKnownFileType = wrapper.framework; name = UIKit.framework; path = System/Library/Frameworks/UIKit.framework; sourceTree = SDKROOT; };
		812EFCA814F0495E0094A100 /* Foundation.framework */ = {isa = PBXFileReference; lastKnownFileType = wrapper.framework; name = Foundation.framework; path = System/Library/Frameworks/Foundation.framework; sourceTree = SDKROOT; };
		812EFCAA14F0495E0094A100 /* CoreGraphics.framework */ = {isa = PBXFileReference; lastKnownFileType = wrapper.framework; name = CoreGraphics.framework; path = System/Library/Frameworks/CoreGraphics.framework; sourceTree = SDKROOT; };
		812EFCAE14F0495E0094A100 /* Memento-Info.plist */ = {isa = PBXFileReference; lastKnownFileType = text.plist.xml; path = "Memento-Info.plist"; sourceTree = "<group>"; };
		812EFCB014F0495E0094A100 /* en */ = {isa = PBXFileReference; lastKnownFileType = text.plist.strings; name = en; path = en.lproj/InfoPlist.strings; sourceTree = "<group>"; };
		812EFCB214F0495E0094A100 /* main.m */ = {isa = PBXFileReference; lastKnownFileType = sourcecode.c.objc; path = main.m; sourceTree = "<group>"; };
		812EFCB414F0495E0094A100 /* Memento-Prefix.pch */ = {isa = PBXFileReference; lastKnownFileType = sourcecode.c.h; path = "Memento-Prefix.pch"; sourceTree = "<group>"; };
		812EFCB514F0495E0094A100 /* MMAppDelegate.h */ = {isa = PBXFileReference; lastKnownFileType = sourcecode.c.h; path = MMAppDelegate.h; sourceTree = "<group>"; };
		812EFCB614F0495E0094A100 /* MMAppDelegate.m */ = {isa = PBXFileReference; lastKnownFileType = sourcecode.c.objc; path = MMAppDelegate.m; sourceTree = "<group>"; };
		812EFCB914F0495E0094A100 /* en */ = {isa = PBXFileReference; lastKnownFileType = file.storyboard; name = en; path = en.lproj/MainStoryboard.storyboard; sourceTree = "<group>"; };
		812EFCBB14F0495E0094A100 /* MMMasterViewController.h */ = {isa = PBXFileReference; lastKnownFileType = sourcecode.c.h; path = MMMasterViewController.h; sourceTree = "<group>"; };
		812EFCBC14F0495E0094A100 /* MMMasterViewController.m */ = {isa = PBXFileReference; lastKnownFileType = sourcecode.c.objc; path = MMMasterViewController.m; sourceTree = "<group>"; };
		812EFCBE14F0495E0094A100 /* MMDetailViewController.h */ = {isa = PBXFileReference; lastKnownFileType = sourcecode.c.h; path = MMDetailViewController.h; sourceTree = "<group>"; };
		812EFCBF14F0495E0094A100 /* MMDetailViewController.m */ = {isa = PBXFileReference; lastKnownFileType = sourcecode.c.objc; path = MMDetailViewController.m; sourceTree = "<group>"; };
		812EFCC614F050DF0094A100 /* MMApiLoader.h */ = {isa = PBXFileReference; fileEncoding = 4; lastKnownFileType = sourcecode.c.h; path = MMApiLoader.h; sourceTree = "<group>"; };
		812EFCC714F050DF0094A100 /* MMApiLoader.m */ = {isa = PBXFileReference; fileEncoding = 4; lastKnownFileType = sourcecode.c.objc; path = MMApiLoader.m; sourceTree = "<group>"; };
		812EFCF214F05C3B0094A100 /* MMInsertSheet.h */ = {isa = PBXFileReference; fileEncoding = 4; lastKnownFileType = sourcecode.c.h; path = MMInsertSheet.h; sourceTree = "<group>"; };
		812EFCF314F05C3B0094A100 /* MMInsertSheet.m */ = {isa = PBXFileReference; fileEncoding = 4; lastKnownFileType = sourcecode.c.objc; path = MMInsertSheet.m; sourceTree = "<group>"; };
		812EFD7714F0A0B30094A100 /* CFNetwork.framework */ = {isa = PBXFileReference; lastKnownFileType = wrapper.framework; name = CFNetwork.framework; path = System/Library/Frameworks/CFNetwork.framework; sourceTree = SDKROOT; };
		812EFDF714F0A3900094A100 /* MobileCoreServices.framework */ = {isa = PBXFileReference; lastKnownFileType = wrapper.framework; name = MobileCoreServices.framework; path = System/Library/Frameworks/MobileCoreServices.framework; sourceTree = SDKROOT; };
		812EFDF914F0A3980094A100 /* SystemConfiguration.framework */ = {isa = PBXFileReference; lastKnownFileType = wrapper.framework; name = SystemConfiguration.framework; path = System/Library/Frameworks/SystemConfiguration.framework; sourceTree = SDKROOT; };
		812EFDFB14F0A3BB0094A100 /* libxml2.2.7.3.dylib */ = {isa = PBXFileReference; lastKnownFileType = "compiled.mach-o.dylib"; name = libxml2.2.7.3.dylib; path = usr/lib/libxml2.2.7.3.dylib; sourceTree = SDKROOT; };
		812EFDFD14F0A3D60094A100 /* libz.dylib */ = {isa = PBXFileReference; lastKnownFileType = "compiled.mach-o.dylib"; name = libz.dylib; path = usr/lib/libz.dylib; sourceTree = SDKROOT; };
		8198475A15352C24008D246C /* Official Icon @57.png */ = {isa = PBXFileReference; lastKnownFileType = image.png; path = "Official Icon @57.png"; sourceTree = "<group>"; };
		81BCE66214F2252A0006A926 /* bg.png */ = {isa = PBXFileReference; lastKnownFileType = image.png; name = bg.png; path = Media/bg.png; sourceTree = SOURCE_ROOT; };
		81BCE66314F2252A0006A926 /* bubble.png */ = {isa = PBXFileReference; lastKnownFileType = image.png; name = bubble.png; path = Media/bubble.png; sourceTree = SOURCE_ROOT; };
		81BCE66414F2252A0006A926 /* corners.png */ = {isa = PBXFileReference; lastKnownFileType = image.png; name = corners.png; path = Media/corners.png; sourceTree = SOURCE_ROOT; };
		81BCE66514F2252A0006A926 /* dragNdrop.png */ = {isa = PBXFileReference; lastKnownFileType = image.png; name = dragNdrop.png; path = Media/dragNdrop.png; sourceTree = SOURCE_ROOT; };
		81BCE66614F2252A0006A926 /* link.png */ = {isa = PBXFileReference; lastKnownFileType = image.png; name = link.png; path = Media/link.png; sourceTree = SOURCE_ROOT; };
		81BCE66714F2252A0006A926 /* text.png */ = {isa = PBXFileReference; lastKnownFileType = image.png; name = text.png; path = Media/text.png; sourceTree = SOURCE_ROOT; };
		81BCE66814F2252A0006A926 /* type_icons.png */ = {isa = PBXFileReference; lastKnownFileType = image.png; name = type_icons.png; path = Media/type_icons.png; sourceTree = SOURCE_ROOT; };
		81BCE67014F2E3870006A926 /* photo.png */ = {isa = PBXFileReference; lastKnownFileType = image.png; name = photo.png; path = Media/photo.png; sourceTree = SOURCE_ROOT; };
		81BCE67E14F2F2120006A926 /* Icon@57.png */ = {isa = PBXFileReference; lastKnownFileType = image.png; path = "Icon@57.png"; sourceTree = "<group>"; };
		81E60B3114F58CF000F59CBB /* dragNdrop.png */ = {isa = PBXFileReference; lastKnownFileType = image.png; name = dragNdrop.png; path = ../../../Graphics/dragNdrop.png; sourceTree = "<group>"; };
		81E60B3214F58CF000F59CBB /* Icon.png */ = {isa = PBXFileReference; lastKnownFileType = image.png; name = Icon.png; path = ../../../Graphics/Icon.png; sourceTree = "<group>"; };
		81E60B3314F58CF000F59CBB /* Icon@57.png */ = {isa = PBXFileReference; lastKnownFileType = image.png; name = "Icon@57.png"; path = "../../../Graphics/Icon@57.png"; sourceTree = "<group>"; };
		81E60B3814F58E8E00F59CBB /* MMApiWrapper.h */ = {isa = PBXFileReference; fileEncoding = 4; lastKnownFileType = sourcecode.c.h; path = MMApiWrapper.h; sourceTree = "<group>"; };
		81E60B3914F58E8E00F59CBB /* MMApiWrapper.m */ = {isa = PBXFileReference; fileEncoding = 4; lastKnownFileType = sourcecode.c.objc; path = MMApiWrapper.m; sourceTree = "<group>"; };
		81E60B4214F59DC200F59CBB /* MMLoginViewController.h */ = {isa = PBXFileReference; fileEncoding = 4; lastKnownFileType = sourcecode.c.h; path = MMLoginViewController.h; sourceTree = "<group>"; };
		81E60B4314F59DC200F59CBB /* MMLoginViewController.m */ = {isa = PBXFileReference; fileEncoding = 4; lastKnownFileType = sourcecode.c.objc; path = MMLoginViewController.m; sourceTree = "<group>"; };
		81E60B4514F5A4B600F59CBB /* MMRegisterViewController.h */ = {isa = PBXFileReference; fileEncoding = 4; lastKnownFileType = sourcecode.c.h; path = MMRegisterViewController.h; sourceTree = "<group>"; };
		81E60B4614F5A4B700F59CBB /* MMRegisterViewController.m */ = {isa = PBXFileReference; fileEncoding = 4; lastKnownFileType = sourcecode.c.objc; path = MMRegisterViewController.m; sourceTree = "<group>"; };
		81EAA3B214F995D500213500 /* MMSplashScreenViewController.h */ = {isa = PBXFileReference; fileEncoding = 4; lastKnownFileType = sourcecode.c.h; path = MMSplashScreenViewController.h; sourceTree = "<group>"; };
		81EAA3B314F995D600213500 /* MMSplashScreenViewController.m */ = {isa = PBXFileReference; fileEncoding = 4; lastKnownFileType = sourcecode.c.objc; path = MMSplashScreenViewController.m; sourceTree = "<group>"; };
		81FC0E0114F0BBDC0086E9ED /* AssetsLibrary.framework */ = {isa = PBXFileReference; lastKnownFileType = wrapper.framework; name = AssetsLibrary.framework; path = System/Library/Frameworks/AssetsLibrary.framework; sourceTree = SDKROOT; };
		81FC0E0914F1E09B0086E9ED /* MMTextEntry.h */ = {isa = PBXFileReference; fileEncoding = 4; lastKnownFileType = sourcecode.c.h; path = MMTextEntry.h; sourceTree = "<group>"; };
		81FC0E0A14F1E09B0086E9ED /* MMTextEntry.m */ = {isa = PBXFileReference; fileEncoding = 4; lastKnownFileType = sourcecode.c.objc; path = MMTextEntry.m; sourceTree = "<group>"; };
/* End PBXFileReference section */

/* Begin PBXFrameworksBuildPhase section */
		812EFC9F14F0495E0094A100 /* Frameworks */ = {
			isa = PBXFrameworksBuildPhase;
			buildActionMask = 2147483647;
			files = (
				81FC0E0214F0BBDC0086E9ED /* AssetsLibrary.framework in Frameworks */,
				812EFDFE14F0A3D60094A100 /* libz.dylib in Frameworks */,
				812EFCAB14F0495E0094A100 /* CoreGraphics.framework in Frameworks */,
				812EFDFA14F0A3980094A100 /* SystemConfiguration.framework in Frameworks */,
				812EFDF814F0A3900094A100 /* MobileCoreServices.framework in Frameworks */,
				812EFD7814F0A0B30094A100 /* CFNetwork.framework in Frameworks */,
				812EFCA714F0495E0094A100 /* UIKit.framework in Frameworks */,
				812EFCA914F0495E0094A100 /* Foundation.framework in Frameworks */,
			);
			runOnlyForDeploymentPostprocessing = 0;
		};
/* End PBXFrameworksBuildPhase section */

/* Begin PBXGroup section */
		8124D1EA14F5DD1B001F35CD /* User Credentials */ = {
			isa = PBXGroup;
			children = (
				81E60B4214F59DC200F59CBB /* MMLoginViewController.h */,
				81E60B4314F59DC200F59CBB /* MMLoginViewController.m */,
				81EAA3B214F995D500213500 /* MMSplashScreenViewController.h */,
				81EAA3B314F995D600213500 /* MMSplashScreenViewController.m */,
				81E60B4514F5A4B600F59CBB /* MMRegisterViewController.h */,
				81E60B4614F5A4B700F59CBB /* MMRegisterViewController.m */,
			);
			name = "User Credentials";
			sourceTree = "<group>";
		};
		8127BBA01543489C00CBDC8A /* ASI HTTP */ = {
			isa = PBXGroup;
			children = (
				8127BBA11543489C00CBDC8A /* ASIAuthenticationDialog.h */,
				8127BBA21543489C00CBDC8A /* ASIAuthenticationDialog.m */,
				8127BBA31543489C00CBDC8A /* ASICacheDelegate.h */,
				8127BBA41543489C00CBDC8A /* ASIDataCompressor.h */,
				8127BBA51543489C00CBDC8A /* ASIDataCompressor.m */,
				8127BBA61543489C00CBDC8A /* ASIDataDecompressor.h */,
				8127BBA71543489C00CBDC8A /* ASIDataDecompressor.m */,
				8127BBA81543489C00CBDC8A /* ASIDownloadCache.h */,
				8127BBA91543489C00CBDC8A /* ASIDownloadCache.m */,
				8127BBAA1543489C00CBDC8A /* ASIFormDataRequest.h */,
				8127BBAB1543489C00CBDC8A /* ASIFormDataRequest.m */,
				8127BBAC1543489C00CBDC8A /* ASIHTTPRequest.h */,
				8127BBAD1543489C00CBDC8A /* ASIHTTPRequest.m */,
				8127BBAE1543489C00CBDC8A /* ASIHTTPRequestConfig.h */,
				8127BBAF1543489C00CBDC8A /* ASIHTTPRequestDelegate.h */,
				8127BBB01543489C00CBDC8A /* ASIInputStream.h */,
				8127BBB11543489C00CBDC8A /* ASIInputStream.m */,
				8127BBB21543489C00CBDC8A /* ASINetworkQueue.h */,
				8127BBB31543489C00CBDC8A /* ASINetworkQueue.m */,
				8127BBB41543489C00CBDC8A /* ASIProgressDelegate.h */,
				8127BC4115434AC200CBDC8A /* Reachability */,
			);
			path = "ASI HTTP";
			sourceTree = SOURCE_ROOT;
		};
		8127BBF31543489C00CBDC8A /* JSON */ = {
			isa = PBXGroup;
			children = (
				8127BBF61543489C00CBDC8A /* NSObject+SBJson.h */,
				8127BBF71543489C00CBDC8A /* NSObject+SBJson.m */,
				8127BBF81543489C00CBDC8A /* SBJson.h */,
				8127BBF91543489C00CBDC8A /* SBJsonParser.h */,
				8127BBFA1543489C00CBDC8A /* SBJsonParser.m */,
				8127BBFB1543489C00CBDC8A /* SBJsonStreamParser.h */,
				8127BBFC1543489C00CBDC8A /* SBJsonStreamParser.m */,
				8127BBFD1543489C00CBDC8A /* SBJsonStreamParserAccumulator.h */,
				8127BBFE1543489C00CBDC8A /* SBJsonStreamParserAccumulator.m */,
				8127BBFF1543489C00CBDC8A /* SBJsonStreamParserAdapter.h */,
				8127BC001543489C00CBDC8A /* SBJsonStreamParserAdapter.m */,
				8127BC011543489C00CBDC8A /* SBJsonStreamParserState.h */,
				8127BC021543489C00CBDC8A /* SBJsonStreamParserState.m */,
				8127BC031543489C00CBDC8A /* SBJsonStreamWriter.h */,
				8127BC041543489C00CBDC8A /* SBJsonStreamWriter.m */,
				8127BC051543489C00CBDC8A /* SBJsonStreamWriterAccumulator.h */,
				8127BC061543489C00CBDC8A /* SBJsonStreamWriterAccumulator.m */,
				8127BC071543489C00CBDC8A /* SBJsonStreamWriterState.h */,
				8127BC081543489C00CBDC8A /* SBJsonStreamWriterState.m */,
				8127BC091543489C00CBDC8A /* SBJsonTokeniser.h */,
				8127BC0A1543489C00CBDC8A /* SBJsonTokeniser.m */,
				8127BC0B1543489C00CBDC8A /* SBJsonUTF8Stream.h */,
				8127BC0C1543489C00CBDC8A /* SBJsonUTF8Stream.m */,
				8127BC0D1543489C00CBDC8A /* SBJsonWriter.h */,
				8127BC0E1543489C00CBDC8A /* SBJsonWriter.m */,
			);
			path = JSON;
			sourceTree = SOURCE_ROOT;
		};
		8127BC4115434AC200CBDC8A /* Reachability */ = {
			isa = PBXGroup;
			children = (
				8127BC4215434AC200CBDC8A /* Reachability.h */,
				8127BC4315434AC200CBDC8A /* Reachability.m */,
			);
			name = Reachability;
			path = "../../Libraries/ASI-HTTP-Reqs/External/Reachability";
			sourceTree = "<group>";
		};
		812EFC9714F0495E0094A100 = {
			isa = PBXGroup;
			children = (
				8198475A15352C24008D246C /* Official Icon @57.png */,
				81BCE67E14F2F2120006A926 /* Icon@57.png */,
				81E60B4114F595E400F59CBB /* Frameworks */,
				812EFCAC14F0495E0094A100 /* Memento */,
				812EFCA514F0495E0094A100 /* Frameworks */,
				812EFCA314F0495E0094A100 /* Products */,
			);
			sourceTree = "<group>";
		};
		812EFCA314F0495E0094A100 /* Products */ = {
			isa = PBXGroup;
			children = (
				812EFCA214F0495E0094A100 /* Memento.app */,
			);
			name = Products;
			sourceTree = "<group>";
		};
		812EFCA514F0495E0094A100 /* Frameworks */ = {
			isa = PBXGroup;
			children = (
				812EFCA614F0495E0094A100 /* UIKit.framework */,
				812EFCA814F0495E0094A100 /* Foundation.framework */,
				812EFCAA14F0495E0094A100 /* CoreGraphics.framework */,
			);
			name = Frameworks;
			sourceTree = "<group>";
		};
		812EFCAC14F0495E0094A100 /* Memento */ = {
			isa = PBXGroup;
			children = (
				8127BBA01543489C00CBDC8A /* ASI HTTP */,
				8127BBF31543489C00CBDC8A /* JSON */,
				812EFCB514F0495E0094A100 /* MMAppDelegate.h */,
				812EFCB614F0495E0094A100 /* MMAppDelegate.m */,
				812EFCB814F0495E0094A100 /* MainStoryboard.storyboard */,
				8124D1EA14F5DD1B001F35CD /* User Credentials */,
				81E60B3F14F594E700F59CBB /* API */,
				81FC0E0E14F1F3140086E9ED /* Table View Classes */,
				81FC0E0C14F1F2EC0086E9ED /* New Moment Classes */,
				81FC0E0F14F1F3520086E9ED /* Images */,
				812EFCAD14F0495E0094A100 /* Supporting Files */,
			);
			path = Memento;
			sourceTree = "<group>";
		};
		812EFCAD14F0495E0094A100 /* Supporting Files */ = {
			isa = PBXGroup;
			children = (
				812EFCAE14F0495E0094A100 /* Memento-Info.plist */,
				812EFCAF14F0495E0094A100 /* InfoPlist.strings */,
				812EFCB214F0495E0094A100 /* main.m */,
				812EFCB414F0495E0094A100 /* Memento-Prefix.pch */,
			);
			name = "Supporting Files";
			sourceTree = "<group>";
		};
		81E60B3F14F594E700F59CBB /* API */ = {
			isa = PBXGroup;
			children = (
				812EFCC614F050DF0094A100 /* MMApiLoader.h */,
				812EFCC714F050DF0094A100 /* MMApiLoader.m */,
				81E60B3814F58E8E00F59CBB /* MMApiWrapper.h */,
				81E60B3914F58E8E00F59CBB /* MMApiWrapper.m */,
			);
			name = API;
			sourceTree = "<group>";
		};
		81E60B4114F595E400F59CBB /* Frameworks */ = {
			isa = PBXGroup;
			children = (
				812EFDF914F0A3980094A100 /* SystemConfiguration.framework */,
				812EFDF714F0A3900094A100 /* MobileCoreServices.framework */,
				812EFD7714F0A0B30094A100 /* CFNetwork.framework */,
				81FC0E0114F0BBDC0086E9ED /* AssetsLibrary.framework */,
				812EFDFD14F0A3D60094A100 /* libz.dylib */,
				812EFDFB14F0A3BB0094A100 /* libxml2.2.7.3.dylib */,
			);
			name = Frameworks;
			sourceTree = "<group>";
		};
		81FC0E0C14F1F2EC0086E9ED /* New Moment Classes */ = {
			isa = PBXGroup;
			children = (
				812EFCF214F05C3B0094A100 /* MMInsertSheet.h */,
				812EFCF314F05C3B0094A100 /* MMInsertSheet.m */,
				81FC0E0914F1E09B0086E9ED /* MMTextEntry.h */,
				81FC0E0A14F1E09B0086E9ED /* MMTextEntry.m */,
			);
			name = "New Moment Classes";
			sourceTree = "<group>";
		};
		81FC0E0E14F1F3140086E9ED /* Table View Classes */ = {
			isa = PBXGroup;
			children = (
				812EFCBB14F0495E0094A100 /* MMMasterViewController.h */,
				812EFCBC14F0495E0094A100 /* MMMasterViewController.m */,
				812EFCBE14F0495E0094A100 /* MMDetailViewController.h */,
				812EFCBF14F0495E0094A100 /* MMDetailViewController.m */,
			);
			name = "Table View Classes";
			sourceTree = "<group>";
		};
		81FC0E0F14F1F3520086E9ED /* Images */ = {
			isa = PBXGroup;
			children = (
				81E60B3114F58CF000F59CBB /* dragNdrop.png */,
				81E60B3214F58CF000F59CBB /* Icon.png */,
				81E60B3314F58CF000F59CBB /* Icon@57.png */,
				81BCE66214F2252A0006A926 /* bg.png */,
				81BCE66314F2252A0006A926 /* bubble.png */,
				81BCE66414F2252A0006A926 /* corners.png */,
				81BCE66514F2252A0006A926 /* dragNdrop.png */,
				81BCE66614F2252A0006A926 /* link.png */,
				81BCE66714F2252A0006A926 /* text.png */,
				81BCE67014F2E3870006A926 /* photo.png */,
				81BCE66814F2252A0006A926 /* type_icons.png */,
			);
			name = Images;
			sourceTree = "<group>";
		};
/* End PBXGroup section */

/* Begin PBXNativeTarget section */
		812EFCA114F0495E0094A100 /* Memento */ = {
			isa = PBXNativeTarget;
			buildConfigurationList = 812EFCC314F0495E0094A100 /* Build configuration list for PBXNativeTarget "Memento" */;
			buildPhases = (
				812EFC9E14F0495E0094A100 /* Sources */,
				812EFC9F14F0495E0094A100 /* Frameworks */,
				812EFCA014F0495E0094A100 /* Resources */,
			);
			buildRules = (
			);
			dependencies = (
			);
			name = Memento;
			productName = Memento;
			productReference = 812EFCA214F0495E0094A100 /* Memento.app */;
			productType = "com.apple.product-type.application";
		};
/* End PBXNativeTarget section */

/* Begin PBXProject section */
		812EFC9914F0495E0094A100 /* Project object */ = {
			isa = PBXProject;
			attributes = {
				LastUpgradeCheck = 0420;
				ORGANIZATIONNAME = OmniVerse;
			};
			buildConfigurationList = 812EFC9C14F0495E0094A100 /* Build configuration list for PBXProject "Memento" */;
			compatibilityVersion = "Xcode 3.2";
			developmentRegion = English;
			hasScannedForEncodings = 0;
			knownRegions = (
				en,
			);
			mainGroup = 812EFC9714F0495E0094A100;
			productRefGroup = 812EFCA314F0495E0094A100 /* Products */;
			projectDirPath = "";
			projectRoot = "";
			targets = (
				812EFCA114F0495E0094A100 /* Memento */,
			);
		};
/* End PBXProject section */

/* Begin PBXResourcesBuildPhase section */
		812EFCA014F0495E0094A100 /* Resources */ = {
			isa = PBXResourcesBuildPhase;
			buildActionMask = 2147483647;
			files = (
				812EFCB114F0495E0094A100 /* InfoPlist.strings in Resources */,
				812EFCBA14F0495E0094A100 /* MainStoryboard.storyboard in Resources */,
				81BCE66914F2252A0006A926 /* bg.png in Resources */,
				81BCE66A14F2252A0006A926 /* bubble.png in Resources */,
				81BCE66B14F2252A0006A926 /* corners.png in Resources */,
				81BCE66C14F2252A0006A926 /* dragNdrop.png in Resources */,
				81BCE66D14F2252A0006A926 /* link.png in Resources */,
				81BCE66E14F2252A0006A926 /* text.png in Resources */,
				81BCE66F14F2252A0006A926 /* type_icons.png in Resources */,
				81BCE67114F2E3870006A926 /* photo.png in Resources */,
				81BCE67F14F2F2120006A926 /* Icon@57.png in Resources */,
				81E60B3414F58CF000F59CBB /* dragNdrop.png in Resources */,
				81E60B3514F58CF000F59CBB /* Icon.png in Resources */,
				81E60B3614F58CF000F59CBB /* Icon@57.png in Resources */,
				8198475B15352C24008D246C /* Official Icon @57.png in Resources */,
			);
			runOnlyForDeploymentPostprocessing = 0;
		};
/* End PBXResourcesBuildPhase section */

/* Begin PBXSourcesBuildPhase section */
		812EFC9E14F0495E0094A100 /* Sources */ = {
			isa = PBXSourcesBuildPhase;
			buildActionMask = 2147483647;
			files = (
				812EFCB314F0495E0094A100 /* main.m in Sources */,
				812EFCB714F0495E0094A100 /* MMAppDelegate.m in Sources */,
				812EFCBD14F0495E0094A100 /* MMMasterViewController.m in Sources */,
				812EFCC014F0495E0094A100 /* MMDetailViewController.m in Sources */,
				812EFCC814F050DF0094A100 /* MMApiLoader.m in Sources */,
				812EFCF414F05C3B0094A100 /* MMInsertSheet.m in Sources */,
				81FC0E0B14F1E09C0086E9ED /* MMTextEntry.m in Sources */,
				81E60B3A14F58E8E00F59CBB /* MMApiWrapper.m in Sources */,
				81E60B4414F59DC200F59CBB /* MMLoginViewController.m in Sources */,
				81E60B4714F5A4B700F59CBB /* MMRegisterViewController.m in Sources */,
				81EAA3B414F995D600213500 /* MMSplashScreenViewController.m in Sources */,
				8127BC0F1543489C00CBDC8A /* ASIAuthenticationDialog.m in Sources */,
				8127BC101543489C00CBDC8A /* ASIDataCompressor.m in Sources */,
				8127BC111543489C00CBDC8A /* ASIDataDecompressor.m in Sources */,
				8127BC121543489C00CBDC8A /* ASIDownloadCache.m in Sources */,
				8127BC131543489C00CBDC8A /* ASIFormDataRequest.m in Sources */,
				8127BC141543489C00CBDC8A /* ASIHTTPRequest.m in Sources */,
				8127BC151543489C00CBDC8A /* ASIInputStream.m in Sources */,
				8127BC161543489C00CBDC8A /* ASINetworkQueue.m in Sources */,
				8127BC351543489C00CBDC8A /* NSObject+SBJson.m in Sources */,
				8127BC361543489C00CBDC8A /* SBJsonParser.m in Sources */,
				8127BC371543489C00CBDC8A /* SBJsonStreamParser.m in Sources */,
				8127BC381543489C00CBDC8A /* SBJsonStreamParserAccumulator.m in Sources */,
				8127BC391543489C00CBDC8A /* SBJsonStreamParserAdapter.m in Sources */,
				8127BC3A1543489C00CBDC8A /* SBJsonStreamParserState.m in Sources */,
				8127BC3B1543489C00CBDC8A /* SBJsonStreamWriter.m in Sources */,
				8127BC3C1543489C00CBDC8A /* SBJsonStreamWriterAccumulator.m in Sources */,
				8127BC3D1543489C00CBDC8A /* SBJsonStreamWriterState.m in Sources */,
				8127BC3E1543489C00CBDC8A /* SBJsonTokeniser.m in Sources */,
				8127BC3F1543489C00CBDC8A /* SBJsonUTF8Stream.m in Sources */,
				8127BC401543489C00CBDC8A /* SBJsonWriter.m in Sources */,
				8127BC4415434AC200CBDC8A /* Reachability.m in Sources */,
			);
			runOnlyForDeploymentPostprocessing = 0;
		};
/* End PBXSourcesBuildPhase section */

/* Begin PBXVariantGroup section */
		812EFCAF14F0495E0094A100 /* InfoPlist.strings */ = {
			isa = PBXVariantGroup;
			children = (
				812EFCB014F0495E0094A100 /* en */,
			);
			name = InfoPlist.strings;
			sourceTree = "<group>";
		};
		812EFCB814F0495E0094A100 /* MainStoryboard.storyboard */ = {
			isa = PBXVariantGroup;
			children = (
				812EFCB914F0495E0094A100 /* en */,
			);
			name = MainStoryboard.storyboard;
			sourceTree = "<group>";
		};
/* End PBXVariantGroup section */

/* Begin XCBuildConfiguration section */
		812EFCC114F0495E0094A100 /* Debug */ = {
			isa = XCBuildConfiguration;
			buildSettings = {
				ALWAYS_SEARCH_USER_PATHS = NO;
				ARCHS = "$(ARCHS_STANDARD_32_BIT)";
				CLANG_ENABLE_OBJC_ARC = YES;
				"CODE_SIGN_IDENTITY[sdk=iphoneos*]" = "iPhone Developer";
				COPY_PHASE_STRIP = NO;
				GCC_C_LANGUAGE_STANDARD = gnu99;
				GCC_DYNAMIC_NO_PIC = NO;
				GCC_OPTIMIZATION_LEVEL = 0;
				GCC_PREPROCESSOR_DEFINITIONS = (
					"DEBUG=1",
					"$(inherited)",
				);
				GCC_SYMBOLS_PRIVATE_EXTERN = NO;
				GCC_VERSION = com.apple.compilers.llvm.clang.1_0;
				GCC_WARN_ABOUT_MISSING_PROTOTYPES = YES;
				GCC_WARN_ABOUT_RETURN_TYPE = YES;
				GCC_WARN_UNUSED_VARIABLE = YES;
				IPHONEOS_DEPLOYMENT_TARGET = 5.0;
				SDKROOT = iphoneos;
			};
			name = Debug;
		};
		812EFCC214F0495E0094A100 /* Release */ = {
			isa = XCBuildConfiguration;
			buildSettings = {
				ALWAYS_SEARCH_USER_PATHS = NO;
				ARCHS = "$(ARCHS_STANDARD_32_BIT)";
				CLANG_ENABLE_OBJC_ARC = YES;
				"CODE_SIGN_IDENTITY[sdk=iphoneos*]" = "iPhone Developer";
				COPY_PHASE_STRIP = YES;
				GCC_C_LANGUAGE_STANDARD = gnu99;
				GCC_VERSION = com.apple.compilers.llvm.clang.1_0;
				GCC_WARN_ABOUT_MISSING_PROTOTYPES = YES;
				GCC_WARN_ABOUT_RETURN_TYPE = YES;
				GCC_WARN_UNUSED_VARIABLE = YES;
				IPHONEOS_DEPLOYMENT_TARGET = 5.0;
				OTHER_CFLAGS = "-DNS_BLOCK_ASSERTIONS=1";
				SDKROOT = iphoneos;
				VALIDATE_PRODUCT = YES;
			};
			name = Release;
		};
		812EFCC414F0495E0094A100 /* Debug */ = {
			isa = XCBuildConfiguration;
			buildSettings = {
				GCC_PRECOMPILE_PREFIX_HEADER = YES;
				GCC_PREFIX_HEADER = "Memento/Memento-Prefix.pch";
				INFOPLIST_FILE = "Memento/Memento-Info.plist";
				PRODUCT_NAME = "$(TARGET_NAME)";
				WRAPPER_EXTENSION = app;
			};
			name = Debug;
		};
		812EFCC514F0495E0094A100 /* Release */ = {
			isa = XCBuildConfiguration;
			buildSettings = {
				GCC_PRECOMPILE_PREFIX_HEADER = YES;
				GCC_PREFIX_HEADER = "Memento/Memento-Prefix.pch";
				INFOPLIST_FILE = "Memento/Memento-Info.plist";
				PRODUCT_NAME = "$(TARGET_NAME)";
				WRAPPER_EXTENSION = app;
			};
			name = Release;
		};
/* End XCBuildConfiguration section */

/* Begin XCConfigurationList section */
		812EFC9C14F0495E0094A100 /* Build configuration list for PBXProject "Memento" */ = {
			isa = XCConfigurationList;
			buildConfigurations = (
				812EFCC114F0495E0094A100 /* Debug */,
				812EFCC214F0495E0094A100 /* Release */,
			);
			defaultConfigurationIsVisible = 0;
			defaultConfigurationName = Release;
		};
		812EFCC314F0495E0094A100 /* Build configuration list for PBXNativeTarget "Memento" */ = {
			isa = XCConfigurationList;
			buildConfigurations = (
				812EFCC414F0495E0094A100 /* Debug */,
				812EFCC514F0495E0094A100 /* Release */,
			);
			defaultConfigurationIsVisible = 0;
			defaultConfigurationName = Release;
		};
/* End XCConfigurationList section */
	};
	rootObject = 812EFC9914F0495E0094A100 /* Project object */;
}
