// !$*UTF8*$!
{
	archiveVersion = 1;
	classes = {
	};
	objectVersion = 46;
	objects = {

/* Begin PBXBuildFile section */
		81531DF913E8C61B00507F78 /* UIKit.framework in Frameworks */ = {isa = PBXBuildFile; fileRef = 81531DF813E8C61B00507F78 /* UIKit.framework */; };
		81531DFB13E8C61B00507F78 /* Foundation.framework in Frameworks */ = {isa = PBXBuildFile; fileRef = 81531DFA13E8C61B00507F78 /* Foundation.framework */; };
		81531DFD13E8C61B00507F78 /* CoreGraphics.framework in Frameworks */ = {isa = PBXBuildFile; fileRef = 81531DFC13E8C61B00507F78 /* CoreGraphics.framework */; };
		81531E0313E8C61B00507F78 /* InfoPlist.strings in Resources */ = {isa = PBXBuildFile; fileRef = 81531E0113E8C61B00507F78 /* InfoPlist.strings */; };
		81531E0613E8C61B00507F78 /* main.m in Sources */ = {isa = PBXBuildFile; fileRef = 81531E0513E8C61B00507F78 /* main.m */; };
		81531EA913E8C68E00507F78 /* 12-eye.png in Resources */ = {isa = PBXBuildFile; fileRef = 81531E1213E8C68E00507F78 /* 12-eye.png */; };
		81531EAA13E8C68E00507F78 /* 28-star.png in Resources */ = {isa = PBXBuildFile; fileRef = 81531E1313E8C68E00507F78 /* 28-star.png */; };
		81531EAB13E8C68E00507F78 /* 56-cloud.png in Resources */ = {isa = PBXBuildFile; fileRef = 81531E1413E8C68E00507F78 /* 56-cloud.png */; };
		81531EAC13E8C68E00507F78 /* backgroundCell.png in Resources */ = {isa = PBXBuildFile; fileRef = 81531E1513E8C68E00507F78 /* backgroundCell.png */; };
		81531EAE13E8C68E00507F78 /* blueFrame.png in Resources */ = {isa = PBXBuildFile; fileRef = 81531E1813E8C68E00507F78 /* blueFrame.png */; };
		81531ED013E8C68E00507F78 /* cliplogr-Info.plist in Resources */ = {isa = PBXBuildFile; fileRef = 81531E6713E8C68E00507F78 /* cliplogr-Info.plist */; };
		81531ED113E8C68E00507F78 /* cliplogr.xcdatamodeld in Sources */ = {isa = PBXBuildFile; fileRef = 81531E6913E8C68E00507F78 /* cliplogr.xcdatamodeld */; };
		81531ED213E8C68E00507F78 /* cliplogrAppDelegate.m in Sources */ = {isa = PBXBuildFile; fileRef = 81531E6C13E8C68E00507F78 /* cliplogrAppDelegate.m */; };
		81531ED413E8C68E00507F78 /* dataCellFrame.png in Resources */ = {isa = PBXBuildFile; fileRef = 81531E6F13E8C68E00507F78 /* dataCellFrame.png */; };
		81531ED513E8C68E00507F78 /* edit drawer.png in Resources */ = {isa = PBXBuildFile; fileRef = 81531E7013E8C68E00507F78 /* edit drawer.png */; };
		81531ED613E8C68E00507F78 /* InfoPlist.strings in Resources */ = {isa = PBXBuildFile; fileRef = 81531E7213E8C68E00507F78 /* InfoPlist.strings */; };
		81531ED713E8C68E00507F78 /* FileUploadController.m in Sources */ = {isa = PBXBuildFile; fileRef = 81531E7513E8C68E00507F78 /* FileUploadController.m */; };
		81531ED813E8C68E00507F78 /* frame_v2.png in Resources */ = {isa = PBXBuildFile; fileRef = 81531E7613E8C68E00507F78 /* frame_v2.png */; };
		81531ED913E8C68E00507F78 /* frame.png in Resources */ = {isa = PBXBuildFile; fileRef = 81531E7713E8C68E00507F78 /* frame.png */; };
		81531EDA13E8C68E00507F78 /* glyphicons_152_new_window.png in Resources */ = {isa = PBXBuildFile; fileRef = 81531E7813E8C68E00507F78 /* glyphicons_152_new_window.png */; };
		81531EDB13E8C68E00507F78 /* header.png in Resources */ = {isa = PBXBuildFile; fileRef = 81531E7913E8C68E00507F78 /* header.png */; };
		81531EDC13E8C68E00507F78 /* header(2).png in Resources */ = {isa = PBXBuildFile; fileRef = 81531E7A13E8C68E00507F78 /* header(2).png */; };
		81531EDD13E8C68E00507F78 /* header(3).png in Resources */ = {isa = PBXBuildFile; fileRef = 81531E7B13E8C68E00507F78 /* header(3).png */; };
		81531EDE13E8C68E00507F78 /* ImageDetailView.xib in Resources */ = {isa = PBXBuildFile; fileRef = 81531E7C13E8C68E00507F78 /* ImageDetailView.xib */; };
		81531EE113E8C68E00507F78 /* NSObject+SBJSON.m in Sources */ = {isa = PBXBuildFile; fileRef = 81531E8413E8C68E00507F78 /* NSObject+SBJSON.m */; };
		81531EE213E8C68E00507F78 /* NSString+SBJSON.m in Sources */ = {isa = PBXBuildFile; fileRef = 81531E8613E8C68E00507F78 /* NSString+SBJSON.m */; };
		81531EE313E8C68E00507F78 /* SBJsonBase.m in Sources */ = {isa = PBXBuildFile; fileRef = 81531E8813E8C68E00507F78 /* SBJsonBase.m */; };
		81531EE413E8C68E00507F78 /* SBJsonParser.m in Sources */ = {isa = PBXBuildFile; fileRef = 81531E8A13E8C68E00507F78 /* SBJsonParser.m */; };
		81531EE513E8C68E00507F78 /* SBJsonWriter.m in Sources */ = {isa = PBXBuildFile; fileRef = 81531E8C13E8C68E00507F78 /* SBJsonWriter.m */; };
		81531EE613E8C68E00507F78 /* leather.png in Resources */ = {isa = PBXBuildFile; fileRef = 81531E8D13E8C68E00507F78 /* leather.png */; };
		81531EE813E8C68E00507F78 /* LoginView.xib in Resources */ = {isa = PBXBuildFile; fileRef = 81531E9013E8C68E00507F78 /* LoginView.xib */; };
		81531EE913E8C68E00507F78 /* LoginViewController.m in Sources */ = {isa = PBXBuildFile; fileRef = 81531E9213E8C68E00507F78 /* LoginViewController.m */; };
		81531EEB13E8C68E00507F78 /* noise.png in Resources */ = {isa = PBXBuildFile; fileRef = 81531E9413E8C68E00507F78 /* noise.png */; };
		81531EED13E8C68E00507F78 /* polaroidFrame.png in Resources */ = {isa = PBXBuildFile; fileRef = 81531E9713E8C68E00507F78 /* polaroidFrame.png */; };
		81531EEE13E8C68E00507F78 /* popover button (touch).png in Resources */ = {isa = PBXBuildFile; fileRef = 81531E9813E8C68E00507F78 /* popover button (touch).png */; };
		81531EEF13E8C68E00507F78 /* popover button.png in Resources */ = {isa = PBXBuildFile; fileRef = 81531E9913E8C68E00507F78 /* popover button.png */; };
		81531EF113E8C68E00507F78 /* RootViewController.m in Sources */ = {isa = PBXBuildFile; fileRef = 81531E9C13E8C68E00507F78 /* RootViewController.m */; };
		81531EF213E8C68E00507F78 /* rowBG.png in Resources */ = {isa = PBXBuildFile; fileRef = 81531E9E13E8C68E00507F78 /* rowBG.png */; };
		81531EF313E8C68E00507F78 /* sample.png in Resources */ = {isa = PBXBuildFile; fileRef = 81531E9F13E8C68E00507F78 /* sample.png */; };
		81531EF413E8C68E00507F78 /* scissorsGlyph.png in Resources */ = {isa = PBXBuildFile; fileRef = 81531EA013E8C68E00507F78 /* scissorsGlyph.png */; };
		81531EF513E8C68E00507F78 /* sidebutton.png in Resources */ = {isa = PBXBuildFile; fileRef = 81531EA113E8C68E00507F78 /* sidebutton.png */; };
		81531EF713E8C68E00507F78 /* TextDetailView.xib in Resources */ = {isa = PBXBuildFile; fileRef = 81531EA413E8C68E00507F78 /* TextDetailView.xib */; };
		81531EF813E8C68E00507F78 /* TextDetailViewController.m in Sources */ = {isa = PBXBuildFile; fileRef = 81531EA613E8C68E00507F78 /* TextDetailViewController.m */; };
		81531EF913E8C68E00507F78 /* textView.xib in Resources */ = {isa = PBXBuildFile; fileRef = 81531EA713E8C68E00507F78 /* textView.xib */; };
		81531EFA13E8C68E00507F78 /* triangle.png in Resources */ = {isa = PBXBuildFile; fileRef = 81531EA813E8C68E00507F78 /* triangle.png */; };
		81531EFC13E8C9FF00507F78 /* CoreData.framework in Frameworks */ = {isa = PBXBuildFile; fileRef = 81531EFB13E8C9FF00507F78 /* CoreData.framework */; };
		81531F0313E8CCB000507F78 /* MainWindow.xib in Resources */ = {isa = PBXBuildFile; fileRef = 81531EFF13E8CCB000507F78 /* MainWindow.xib */; };
		81531F0413E8CCB000507F78 /* RootViewController.xib in Resources */ = {isa = PBXBuildFile; fileRef = 81531F0113E8CCB000507F78 /* RootViewController.xib */; };
		81531F0613E8D4DD00507F78 /* MessageUI.framework in Frameworks */ = {isa = PBXBuildFile; fileRef = 81531F0513E8D4DD00507F78 /* MessageUI.framework */; };
		81531F0913E8D9D700507F78 /* ImageDetailViewController.m in Sources */ = {isa = PBXBuildFile; fileRef = 81531F0813E8D9D700507F78 /* ImageDetailViewController.m */; };
/* End PBXBuildFile section */

/* Begin PBXFileReference section */
		81531DF413E8C61B00507F78 /* cliplogr.app */ = {isa = PBXFileReference; explicitFileType = wrapper.application; includeInIndex = 0; path = cliplogr.app; sourceTree = BUILT_PRODUCTS_DIR; };
		81531DF813E8C61B00507F78 /* UIKit.framework */ = {isa = PBXFileReference; lastKnownFileType = wrapper.framework; name = UIKit.framework; path = System/Library/Frameworks/UIKit.framework; sourceTree = SDKROOT; };
		81531DFA13E8C61B00507F78 /* Foundation.framework */ = {isa = PBXFileReference; lastKnownFileType = wrapper.framework; name = Foundation.framework; path = System/Library/Frameworks/Foundation.framework; sourceTree = SDKROOT; };
		81531DFC13E8C61B00507F78 /* CoreGraphics.framework */ = {isa = PBXFileReference; lastKnownFileType = wrapper.framework; name = CoreGraphics.framework; path = System/Library/Frameworks/CoreGraphics.framework; sourceTree = SDKROOT; };
		81531E0013E8C61B00507F78 /* cliplogr-Info.plist */ = {isa = PBXFileReference; lastKnownFileType = text.plist.xml; path = "cliplogr-Info.plist"; sourceTree = "<group>"; };
		81531E0213E8C61B00507F78 /* en */ = {isa = PBXFileReference; lastKnownFileType = text.plist.strings; name = en; path = en.lproj/InfoPlist.strings; sourceTree = "<group>"; };
		81531E0413E8C61B00507F78 /* cliplogr-Prefix.pch */ = {isa = PBXFileReference; lastKnownFileType = sourcecode.c.h; path = "cliplogr-Prefix.pch"; sourceTree = "<group>"; };
		81531E0513E8C61B00507F78 /* main.m */ = {isa = PBXFileReference; lastKnownFileType = sourcecode.c.objc; path = main.m; sourceTree = "<group>"; };
		81531E1213E8C68E00507F78 /* 12-eye.png */ = {isa = PBXFileReference; lastKnownFileType = image.png; path = "12-eye.png"; sourceTree = "<group>"; };
		81531E1313E8C68E00507F78 /* 28-star.png */ = {isa = PBXFileReference; lastKnownFileType = image.png; path = "28-star.png"; sourceTree = "<group>"; };
		81531E1413E8C68E00507F78 /* 56-cloud.png */ = {isa = PBXFileReference; lastKnownFileType = image.png; path = "56-cloud.png"; sourceTree = "<group>"; };
		81531E1513E8C68E00507F78 /* backgroundCell.png */ = {isa = PBXFileReference; lastKnownFileType = image.png; path = backgroundCell.png; sourceTree = "<group>"; };
		81531E1813E8C68E00507F78 /* blueFrame.png */ = {isa = PBXFileReference; lastKnownFileType = image.png; path = blueFrame.png; sourceTree = "<group>"; };
		81531E6713E8C68E00507F78 /* cliplogr-Info.plist */ = {isa = PBXFileReference; fileEncoding = 4; lastKnownFileType = text.plist.xml; path = "cliplogr-Info.plist"; sourceTree = "<group>"; };
		81531E6813E8C68E00507F78 /* cliplogr-Prefix.pch */ = {isa = PBXFileReference; fileEncoding = 4; lastKnownFileType = sourcecode.c.h; path = "cliplogr-Prefix.pch"; sourceTree = "<group>"; };
		81531E6A13E8C68E00507F78 /* cliplogr.xcdatamodel */ = {isa = PBXFileReference; lastKnownFileType = wrapper.xcdatamodel; path = cliplogr.xcdatamodel; sourceTree = "<group>"; };
		81531E6B13E8C68E00507F78 /* cliplogrAppDelegate.h */ = {isa = PBXFileReference; fileEncoding = 4; lastKnownFileType = sourcecode.c.h; path = cliplogrAppDelegate.h; sourceTree = "<group>"; };
		81531E6C13E8C68E00507F78 /* cliplogrAppDelegate.m */ = {isa = PBXFileReference; fileEncoding = 4; lastKnownFileType = sourcecode.c.objc; path = cliplogrAppDelegate.m; sourceTree = "<group>"; };
		81531E6F13E8C68E00507F78 /* dataCellFrame.png */ = {isa = PBXFileReference; lastKnownFileType = image.png; path = dataCellFrame.png; sourceTree = "<group>"; };
		81531E7013E8C68E00507F78 /* edit drawer.png */ = {isa = PBXFileReference; lastKnownFileType = image.png; path = "edit drawer.png"; sourceTree = "<group>"; };
		81531E7313E8C68E00507F78 /* en */ = {isa = PBXFileReference; lastKnownFileType = text.plist.strings; name = en; path = InfoPlist.strings; sourceTree = "<group>"; };
		81531E7413E8C68E00507F78 /* FileUploadController.h */ = {isa = PBXFileReference; fileEncoding = 4; lastKnownFileType = sourcecode.c.h; path = FileUploadController.h; sourceTree = "<group>"; };
		81531E7513E8C68E00507F78 /* FileUploadController.m */ = {isa = PBXFileReference; fileEncoding = 4; lastKnownFileType = sourcecode.c.objc; path = FileUploadController.m; sourceTree = "<group>"; };
		81531E7613E8C68E00507F78 /* frame_v2.png */ = {isa = PBXFileReference; lastKnownFileType = image.png; path = frame_v2.png; sourceTree = "<group>"; };
		81531E7713E8C68E00507F78 /* frame.png */ = {isa = PBXFileReference; lastKnownFileType = image.png; path = frame.png; sourceTree = "<group>"; };
		81531E7813E8C68E00507F78 /* glyphicons_152_new_window.png */ = {isa = PBXFileReference; lastKnownFileType = image.png; path = glyphicons_152_new_window.png; sourceTree = "<group>"; };
		81531E7913E8C68E00507F78 /* header.png */ = {isa = PBXFileReference; lastKnownFileType = image.png; path = header.png; sourceTree = "<group>"; };
		81531E7A13E8C68E00507F78 /* header(2).png */ = {isa = PBXFileReference; lastKnownFileType = image.png; path = "header(2).png"; sourceTree = "<group>"; };
		81531E7B13E8C68E00507F78 /* header(3).png */ = {isa = PBXFileReference; lastKnownFileType = image.png; path = "header(3).png"; sourceTree = "<group>"; };
		81531E7C13E8C68E00507F78 /* ImageDetailView.xib */ = {isa = PBXFileReference; fileEncoding = 4; lastKnownFileType = file.xib; path = ImageDetailView.xib; sourceTree = "<group>"; };
		81531E8213E8C68E00507F78 /* JSON.h */ = {isa = PBXFileReference; fileEncoding = 4; lastKnownFileType = sourcecode.c.h; path = JSON.h; sourceTree = "<group>"; };
		81531E8313E8C68E00507F78 /* NSObject+SBJSON.h */ = {isa = PBXFileReference; fileEncoding = 4; lastKnownFileType = sourcecode.c.h; path = "NSObject+SBJSON.h"; sourceTree = "<group>"; };
		81531E8413E8C68E00507F78 /* NSObject+SBJSON.m */ = {isa = PBXFileReference; fileEncoding = 4; lastKnownFileType = sourcecode.c.objc; path = "NSObject+SBJSON.m"; sourceTree = "<group>"; };
		81531E8513E8C68E00507F78 /* NSString+SBJSON.h */ = {isa = PBXFileReference; fileEncoding = 4; lastKnownFileType = sourcecode.c.h; path = "NSString+SBJSON.h"; sourceTree = "<group>"; };
		81531E8613E8C68E00507F78 /* NSString+SBJSON.m */ = {isa = PBXFileReference; fileEncoding = 4; lastKnownFileType = sourcecode.c.objc; path = "NSString+SBJSON.m"; sourceTree = "<group>"; };
		81531E8713E8C68E00507F78 /* SBJsonBase.h */ = {isa = PBXFileReference; fileEncoding = 4; lastKnownFileType = sourcecode.c.h; path = SBJsonBase.h; sourceTree = "<group>"; };
		81531E8813E8C68E00507F78 /* SBJsonBase.m */ = {isa = PBXFileReference; fileEncoding = 4; lastKnownFileType = sourcecode.c.objc; path = SBJsonBase.m; sourceTree = "<group>"; };
		81531E8913E8C68E00507F78 /* SBJsonParser.h */ = {isa = PBXFileReference; fileEncoding = 4; lastKnownFileType = sourcecode.c.h; path = SBJsonParser.h; sourceTree = "<group>"; };
		81531E8A13E8C68E00507F78 /* SBJsonParser.m */ = {isa = PBXFileReference; fileEncoding = 4; lastKnownFileType = sourcecode.c.objc; path = SBJsonParser.m; sourceTree = "<group>"; };
		81531E8B13E8C68E00507F78 /* SBJsonWriter.h */ = {isa = PBXFileReference; fileEncoding = 4; lastKnownFileType = sourcecode.c.h; path = SBJsonWriter.h; sourceTree = "<group>"; };
		81531E8C13E8C68E00507F78 /* SBJsonWriter.m */ = {isa = PBXFileReference; fileEncoding = 4; lastKnownFileType = sourcecode.c.objc; path = SBJsonWriter.m; sourceTree = "<group>"; };
		81531E8D13E8C68E00507F78 /* leather.png */ = {isa = PBXFileReference; lastKnownFileType = image.png; path = leather.png; sourceTree = "<group>"; };
		81531E9013E8C68E00507F78 /* LoginView.xib */ = {isa = PBXFileReference; fileEncoding = 4; lastKnownFileType = file.xib; path = LoginView.xib; sourceTree = "<group>"; };
		81531E9113E8C68E00507F78 /* LoginViewController.h */ = {isa = PBXFileReference; fileEncoding = 4; lastKnownFileType = sourcecode.c.h; path = LoginViewController.h; sourceTree = "<group>"; };
		81531E9213E8C68E00507F78 /* LoginViewController.m */ = {isa = PBXFileReference; fileEncoding = 4; lastKnownFileType = sourcecode.c.objc; path = LoginViewController.m; sourceTree = "<group>"; };
		81531E9413E8C68E00507F78 /* noise.png */ = {isa = PBXFileReference; lastKnownFileType = image.png; path = noise.png; sourceTree = "<group>"; };
		81531E9713E8C68E00507F78 /* polaroidFrame.png */ = {isa = PBXFileReference; lastKnownFileType = image.png; path = polaroidFrame.png; sourceTree = "<group>"; };
		81531E9813E8C68E00507F78 /* popover button (touch).png */ = {isa = PBXFileReference; lastKnownFileType = image.png; path = "popover button (touch).png"; sourceTree = "<group>"; };
		81531E9913E8C68E00507F78 /* popover button.png */ = {isa = PBXFileReference; lastKnownFileType = image.png; path = "popover button.png"; sourceTree = "<group>"; };
		81531E9C13E8C68E00507F78 /* RootViewController.m */ = {isa = PBXFileReference; fileEncoding = 4; lastKnownFileType = sourcecode.c.objc; path = RootViewController.m; sourceTree = "<group>"; };
		81531E9D13E8C68E00507F78 /* RootViewController.h */ = {isa = PBXFileReference; fileEncoding = 4; lastKnownFileType = sourcecode.c.h; path = RootViewController.h; sourceTree = "<group>"; };
		81531E9E13E8C68E00507F78 /* rowBG.png */ = {isa = PBXFileReference; lastKnownFileType = image.png; path = rowBG.png; sourceTree = "<group>"; };
		81531E9F13E8C68E00507F78 /* sample.png */ = {isa = PBXFileReference; lastKnownFileType = image.png; path = sample.png; sourceTree = "<group>"; };
		81531EA013E8C68E00507F78 /* scissorsGlyph.png */ = {isa = PBXFileReference; lastKnownFileType = image.png; path = scissorsGlyph.png; sourceTree = "<group>"; };
		81531EA113E8C68E00507F78 /* sidebutton.png */ = {isa = PBXFileReference; lastKnownFileType = image.png; path = sidebutton.png; sourceTree = "<group>"; };
		81531EA413E8C68E00507F78 /* TextDetailView.xib */ = {isa = PBXFileReference; fileEncoding = 4; lastKnownFileType = file.xib; path = TextDetailView.xib; sourceTree = "<group>"; };
		81531EA513E8C68E00507F78 /* TextDetailViewController.h */ = {isa = PBXFileReference; fileEncoding = 4; lastKnownFileType = sourcecode.c.h; path = TextDetailViewController.h; sourceTree = "<group>"; };
		81531EA613E8C68E00507F78 /* TextDetailViewController.m */ = {isa = PBXFileReference; fileEncoding = 4; lastKnownFileType = sourcecode.c.objc; path = TextDetailViewController.m; sourceTree = "<group>"; };
		81531EA713E8C68E00507F78 /* textView.xib */ = {isa = PBXFileReference; fileEncoding = 4; lastKnownFileType = file.xib; path = textView.xib; sourceTree = "<group>"; };
		81531EA813E8C68E00507F78 /* triangle.png */ = {isa = PBXFileReference; lastKnownFileType = image.png; path = triangle.png; sourceTree = "<group>"; };
		81531EFB13E8C9FF00507F78 /* CoreData.framework */ = {isa = PBXFileReference; lastKnownFileType = wrapper.framework; name = CoreData.framework; path = System/Library/Frameworks/CoreData.framework; sourceTree = SDKROOT; };
		81531F0013E8CCB000507F78 /* en */ = {isa = PBXFileReference; lastKnownFileType = file.xib; name = en; path = "../../../../../Volumes/FLASH/Xcode/cliplogr xcode/cliplogr/en.lproj/MainWindow.xib"; sourceTree = "<group>"; };
		81531F0213E8CCB000507F78 /* en */ = {isa = PBXFileReference; lastKnownFileType = file.xib; name = en; path = "../../../../../Volumes/FLASH/Xcode/cliplogr xcode/cliplogr/en.lproj/RootViewController.xib"; sourceTree = "<group>"; };
		81531F0513E8D4DD00507F78 /* MessageUI.framework */ = {isa = PBXFileReference; lastKnownFileType = wrapper.framework; name = MessageUI.framework; path = System/Library/Frameworks/MessageUI.framework; sourceTree = SDKROOT; };
		81531F0713E8D9D700507F78 /* ImageDetailViewController.h */ = {isa = PBXFileReference; fileEncoding = 4; lastKnownFileType = sourcecode.c.h; path = ImageDetailViewController.h; sourceTree = "<group>"; };
		81531F0813E8D9D700507F78 /* ImageDetailViewController.m */ = {isa = PBXFileReference; fileEncoding = 4; lastKnownFileType = sourcecode.c.objc; path = ImageDetailViewController.m; sourceTree = "<group>"; };
/* End PBXFileReference section */

/* Begin PBXFrameworksBuildPhase section */
		81531DF113E8C61A00507F78 /* Frameworks */ = {
			isa = PBXFrameworksBuildPhase;
			buildActionMask = 2147483647;
			files = (
				81531F0613E8D4DD00507F78 /* MessageUI.framework in Frameworks */,
				81531EFC13E8C9FF00507F78 /* CoreData.framework in Frameworks */,
				81531DF913E8C61B00507F78 /* UIKit.framework in Frameworks */,
				81531DFB13E8C61B00507F78 /* Foundation.framework in Frameworks */,
				81531DFD13E8C61B00507F78 /* CoreGraphics.framework in Frameworks */,
			);
			runOnlyForDeploymentPostprocessing = 0;
		};
/* End PBXFrameworksBuildPhase section */

/* Begin PBXGroup section */
		81531DE913E8C61A00507F78 = {
			isa = PBXGroup;
			children = (
				81531F0513E8D4DD00507F78 /* MessageUI.framework */,
				81531EFB13E8C9FF00507F78 /* CoreData.framework */,
				81531DFE13E8C61B00507F78 /* cliplogr */,
				81531DF713E8C61B00507F78 /* Frameworks */,
				81531DF513E8C61B00507F78 /* Products */,
			);
			sourceTree = "<group>";
		};
		81531DF513E8C61B00507F78 /* Products */ = {
			isa = PBXGroup;
			children = (
				81531DF413E8C61B00507F78 /* cliplogr.app */,
			);
			name = Products;
			sourceTree = "<group>";
		};
		81531DF713E8C61B00507F78 /* Frameworks */ = {
			isa = PBXGroup;
			children = (
				81531DF813E8C61B00507F78 /* UIKit.framework */,
				81531DFA13E8C61B00507F78 /* Foundation.framework */,
				81531DFC13E8C61B00507F78 /* CoreGraphics.framework */,
			);
			name = Frameworks;
			sourceTree = "<group>";
		};
		81531DFE13E8C61B00507F78 /* cliplogr */ = {
			isa = PBXGroup;
			children = (
				81531E1213E8C68E00507F78 /* 12-eye.png */,
				81531E1313E8C68E00507F78 /* 28-star.png */,
				81531E1413E8C68E00507F78 /* 56-cloud.png */,
				81531E1513E8C68E00507F78 /* backgroundCell.png */,
				81531E1813E8C68E00507F78 /* blueFrame.png */,
				81531E6713E8C68E00507F78 /* cliplogr-Info.plist */,
				81531E6813E8C68E00507F78 /* cliplogr-Prefix.pch */,
				81531E6913E8C68E00507F78 /* cliplogr.xcdatamodeld */,
				81531E6B13E8C68E00507F78 /* cliplogrAppDelegate.h */,
				81531E6C13E8C68E00507F78 /* cliplogrAppDelegate.m */,
				81531E6F13E8C68E00507F78 /* dataCellFrame.png */,
				81531E7013E8C68E00507F78 /* edit drawer.png */,
				81531E7113E8C68E00507F78 /* en.lproj */,
				81531E7413E8C68E00507F78 /* FileUploadController.h */,
				81531E7513E8C68E00507F78 /* FileUploadController.m */,
				81531E7613E8C68E00507F78 /* frame_v2.png */,
				81531E7713E8C68E00507F78 /* frame.png */,
				81531E7813E8C68E00507F78 /* glyphicons_152_new_window.png */,
				81531E7913E8C68E00507F78 /* header.png */,
				81531E7A13E8C68E00507F78 /* header(2).png */,
				81531E7B13E8C68E00507F78 /* header(3).png */,
				81531E7C13E8C68E00507F78 /* ImageDetailView.xib */,
				81531E8113E8C68E00507F78 /* JSON */,
				81531E8D13E8C68E00507F78 /* leather.png */,
				81531EFF13E8CCB000507F78 /* MainWindow.xib */,
				81531F0113E8CCB000507F78 /* RootViewController.xib */,
				81531E9013E8C68E00507F78 /* LoginView.xib */,
				81531E9113E8C68E00507F78 /* LoginViewController.h */,
				81531E9213E8C68E00507F78 /* LoginViewController.m */,
				81531E9413E8C68E00507F78 /* noise.png */,
				81531E9713E8C68E00507F78 /* polaroidFrame.png */,
				81531E9813E8C68E00507F78 /* popover button (touch).png */,
				81531E9913E8C68E00507F78 /* popover button.png */,
				81531F0713E8D9D700507F78 /* ImageDetailViewController.h */,
				81531F0813E8D9D700507F78 /* ImageDetailViewController.m */,
				81531E9C13E8C68E00507F78 /* RootViewController.m */,
				81531E9D13E8C68E00507F78 /* RootViewController.h */,
				81531E9E13E8C68E00507F78 /* rowBG.png */,
				81531E9F13E8C68E00507F78 /* sample.png */,
				81531EA013E8C68E00507F78 /* scissorsGlyph.png */,
				81531EA113E8C68E00507F78 /* sidebutton.png */,
				81531EA413E8C68E00507F78 /* TextDetailView.xib */,
				81531EA513E8C68E00507F78 /* TextDetailViewController.h */,
				81531EA613E8C68E00507F78 /* TextDetailViewController.m */,
				81531EA713E8C68E00507F78 /* textView.xib */,
				81531EA813E8C68E00507F78 /* triangle.png */,
				81531DFF13E8C61B00507F78 /* Supporting Files */,
			);
			path = cliplogr;
			sourceTree = "<group>";
		};
		81531DFF13E8C61B00507F78 /* Supporting Files */ = {
			isa = PBXGroup;
			children = (
				81531E0013E8C61B00507F78 /* cliplogr-Info.plist */,
				81531E0113E8C61B00507F78 /* InfoPlist.strings */,
				81531E0413E8C61B00507F78 /* cliplogr-Prefix.pch */,
				81531E0513E8C61B00507F78 /* main.m */,
			);
			name = "Supporting Files";
			sourceTree = "<group>";
		};
		81531E7113E8C68E00507F78 /* en.lproj */ = {
			isa = PBXGroup;
			children = (
				81531E7213E8C68E00507F78 /* InfoPlist.strings */,
			);
			path = en.lproj;
			sourceTree = "<group>";
		};
		81531E8113E8C68E00507F78 /* JSON */ = {
			isa = PBXGroup;
			children = (
				81531E8213E8C68E00507F78 /* JSON.h */,
				81531E8313E8C68E00507F78 /* NSObject+SBJSON.h */,
				81531E8413E8C68E00507F78 /* NSObject+SBJSON.m */,
				81531E8513E8C68E00507F78 /* NSString+SBJSON.h */,
				81531E8613E8C68E00507F78 /* NSString+SBJSON.m */,
				81531E8713E8C68E00507F78 /* SBJsonBase.h */,
				81531E8813E8C68E00507F78 /* SBJsonBase.m */,
				81531E8913E8C68E00507F78 /* SBJsonParser.h */,
				81531E8A13E8C68E00507F78 /* SBJsonParser.m */,
				81531E8B13E8C68E00507F78 /* SBJsonWriter.h */,
				81531E8C13E8C68E00507F78 /* SBJsonWriter.m */,
			);
			path = JSON;
			sourceTree = "<group>";
		};
/* End PBXGroup section */

/* Begin PBXNativeTarget section */
		81531DF313E8C61A00507F78 /* cliplogr */ = {
			isa = PBXNativeTarget;
			buildConfigurationList = 81531E0F13E8C61B00507F78 /* Build configuration list for PBXNativeTarget "cliplogr" */;
			buildPhases = (
				81531DF013E8C61A00507F78 /* Sources */,
				81531DF113E8C61A00507F78 /* Frameworks */,
				81531DF213E8C61A00507F78 /* Resources */,
			);
			buildRules = (
			);
			dependencies = (
			);
			name = cliplogr;
			productName = cliplogr;
			productReference = 81531DF413E8C61B00507F78 /* cliplogr.app */;
			productType = "com.apple.product-type.application";
		};
/* End PBXNativeTarget section */

/* Begin PBXProject section */
		81531DEB13E8C61A00507F78 /* Project object */ = {
			isa = PBXProject;
			attributes = {
				ORGANIZATIONNAME = "St. Timothy";
			};
			buildConfigurationList = 81531DEE13E8C61A00507F78 /* Build configuration list for PBXProject "cliplogr" */;
			compatibilityVersion = "Xcode 3.2";
			developmentRegion = English;
			hasScannedForEncodings = 0;
			knownRegions = (
				en,
			);
			mainGroup = 81531DE913E8C61A00507F78;
			productRefGroup = 81531DF513E8C61B00507F78 /* Products */;
			projectDirPath = "";
			projectRoot = "";
			targets = (
				81531DF313E8C61A00507F78 /* cliplogr */,
			);
		};
/* End PBXProject section */

/* Begin PBXResourcesBuildPhase section */
		81531DF213E8C61A00507F78 /* Resources */ = {
			isa = PBXResourcesBuildPhase;
			buildActionMask = 2147483647;
			files = (
				81531E0313E8C61B00507F78 /* InfoPlist.strings in Resources */,
				81531EA913E8C68E00507F78 /* 12-eye.png in Resources */,
				81531EAA13E8C68E00507F78 /* 28-star.png in Resources */,
				81531EAB13E8C68E00507F78 /* 56-cloud.png in Resources */,
				81531EAC13E8C68E00507F78 /* backgroundCell.png in Resources */,
				81531EAE13E8C68E00507F78 /* blueFrame.png in Resources */,
				81531ED013E8C68E00507F78 /* cliplogr-Info.plist in Resources */,
				81531ED413E8C68E00507F78 /* dataCellFrame.png in Resources */,
				81531ED513E8C68E00507F78 /* edit drawer.png in Resources */,
				81531ED613E8C68E00507F78 /* InfoPlist.strings in Resources */,
				81531ED813E8C68E00507F78 /* frame_v2.png in Resources */,
				81531ED913E8C68E00507F78 /* frame.png in Resources */,
				81531EDA13E8C68E00507F78 /* glyphicons_152_new_window.png in Resources */,
				81531EDB13E8C68E00507F78 /* header.png in Resources */,
				81531EDC13E8C68E00507F78 /* header(2).png in Resources */,
				81531EDD13E8C68E00507F78 /* header(3).png in Resources */,
				81531EDE13E8C68E00507F78 /* ImageDetailView.xib in Resources */,
				81531EE613E8C68E00507F78 /* leather.png in Resources */,
				81531EE813E8C68E00507F78 /* LoginView.xib in Resources */,
				81531EEB13E8C68E00507F78 /* noise.png in Resources */,
				81531EED13E8C68E00507F78 /* polaroidFrame.png in Resources */,
				81531EEE13E8C68E00507F78 /* popover button (touch).png in Resources */,
				81531EEF13E8C68E00507F78 /* popover button.png in Resources */,
				81531EF213E8C68E00507F78 /* rowBG.png in Resources */,
				81531EF313E8C68E00507F78 /* sample.png in Resources */,
				81531EF413E8C68E00507F78 /* scissorsGlyph.png in Resources */,
				81531EF513E8C68E00507F78 /* sidebutton.png in Resources */,
				81531EF713E8C68E00507F78 /* TextDetailView.xib in Resources */,
				81531EF913E8C68E00507F78 /* textView.xib in Resources */,
				81531EFA13E8C68E00507F78 /* triangle.png in Resources */,
				81531F0313E8CCB000507F78 /* MainWindow.xib in Resources */,
				81531F0413E8CCB000507F78 /* RootViewController.xib in Resources */,
			);
			runOnlyForDeploymentPostprocessing = 0;
		};
/* End PBXResourcesBuildPhase section */

/* Begin PBXSourcesBuildPhase section */
		81531DF013E8C61A00507F78 /* Sources */ = {
			isa = PBXSourcesBuildPhase;
			buildActionMask = 2147483647;
			files = (
				81531E0613E8C61B00507F78 /* main.m in Sources */,
				81531ED113E8C68E00507F78 /* cliplogr.xcdatamodeld in Sources */,
				81531ED213E8C68E00507F78 /* cliplogrAppDelegate.m in Sources */,
				81531ED713E8C68E00507F78 /* FileUploadController.m in Sources */,
				81531EE113E8C68E00507F78 /* NSObject+SBJSON.m in Sources */,
				81531EE213E8C68E00507F78 /* NSString+SBJSON.m in Sources */,
				81531EE313E8C68E00507F78 /* SBJsonBase.m in Sources */,
				81531EE413E8C68E00507F78 /* SBJsonParser.m in Sources */,
				81531EE513E8C68E00507F78 /* SBJsonWriter.m in Sources */,
				81531EE913E8C68E00507F78 /* LoginViewController.m in Sources */,
				81531EF113E8C68E00507F78 /* RootViewController.m in Sources */,
				81531EF813E8C68E00507F78 /* TextDetailViewController.m in Sources */,
				81531F0913E8D9D700507F78 /* ImageDetailViewController.m in Sources */,
			);
			runOnlyForDeploymentPostprocessing = 0;
		};
/* End PBXSourcesBuildPhase section */

/* Begin PBXVariantGroup section */
		81531E0113E8C61B00507F78 /* InfoPlist.strings */ = {
			isa = PBXVariantGroup;
			children = (
				81531E0213E8C61B00507F78 /* en */,
			);
			name = InfoPlist.strings;
			sourceTree = "<group>";
		};
		81531E7213E8C68E00507F78 /* InfoPlist.strings */ = {
			isa = PBXVariantGroup;
			children = (
				81531E7313E8C68E00507F78 /* en */,
			);
			name = InfoPlist.strings;
			sourceTree = "<group>";
		};
		81531EFF13E8CCB000507F78 /* MainWindow.xib */ = {
			isa = PBXVariantGroup;
			children = (
				81531F0013E8CCB000507F78 /* en */,
			);
			name = MainWindow.xib;
			sourceTree = "<group>";
		};
		81531F0113E8CCB000507F78 /* RootViewController.xib */ = {
			isa = PBXVariantGroup;
			children = (
				81531F0213E8CCB000507F78 /* en */,
			);
			name = RootViewController.xib;
			sourceTree = "<group>";
		};
/* End PBXVariantGroup section */

/* Begin XCBuildConfiguration section */
		81531E0D13E8C61B00507F78 /* Debug */ = {
			isa = XCBuildConfiguration;
			buildSettings = {
				ARCHS = "$(ARCHS_STANDARD_32_BIT)";
				"CODE_SIGN_IDENTITY[sdk=iphoneos*]" = "iPhone Developer";
				GCC_C_LANGUAGE_STANDARD = gnu99;
				GCC_OPTIMIZATION_LEVEL = 0;
				GCC_PREPROCESSOR_DEFINITIONS = DEBUG;
				GCC_SYMBOLS_PRIVATE_EXTERN = NO;
				GCC_VERSION = com.apple.compilers.llvmgcc42;
				GCC_WARN_ABOUT_RETURN_TYPE = YES;
				GCC_WARN_UNUSED_VARIABLE = YES;
				IPHONEOS_DEPLOYMENT_TARGET = 4.3;
				SDKROOT = iphoneos;
			};
			name = Debug;
		};
		81531E0E13E8C61B00507F78 /* Release */ = {
			isa = XCBuildConfiguration;
			buildSettings = {
				ARCHS = "$(ARCHS_STANDARD_32_BIT)";
				"CODE_SIGN_IDENTITY[sdk=iphoneos*]" = "iPhone Developer";
				GCC_C_LANGUAGE_STANDARD = gnu99;
				GCC_VERSION = com.apple.compilers.llvmgcc42;
				GCC_WARN_ABOUT_RETURN_TYPE = YES;
				GCC_WARN_UNUSED_VARIABLE = YES;
				IPHONEOS_DEPLOYMENT_TARGET = 4.3;
				OTHER_CFLAGS = "-DNS_BLOCK_ASSERTIONS=1";
				SDKROOT = iphoneos;
			};
			name = Release;
		};
		81531E1013E8C61B00507F78 /* Debug */ = {
			isa = XCBuildConfiguration;
			buildSettings = {
				ALWAYS_SEARCH_USER_PATHS = NO;
				COPY_PHASE_STRIP = NO;
				GCC_DYNAMIC_NO_PIC = NO;
				GCC_PRECOMPILE_PREFIX_HEADER = YES;
				GCC_PREFIX_HEADER = "cliplogr/cliplogr-Prefix.pch";
				INFOPLIST_FILE = "cliplogr/cliplogr-Info.plist";
				PRODUCT_NAME = "$(TARGET_NAME)";
				WRAPPER_EXTENSION = app;
			};
			name = Debug;
		};
		81531E1113E8C61B00507F78 /* Release */ = {
			isa = XCBuildConfiguration;
			buildSettings = {
				ALWAYS_SEARCH_USER_PATHS = NO;
				COPY_PHASE_STRIP = YES;
				GCC_PRECOMPILE_PREFIX_HEADER = YES;
				GCC_PREFIX_HEADER = "cliplogr/cliplogr-Prefix.pch";
				INFOPLIST_FILE = "cliplogr/cliplogr-Info.plist";
				PRODUCT_NAME = "$(TARGET_NAME)";
				VALIDATE_PRODUCT = YES;
				WRAPPER_EXTENSION = app;
			};
			name = Release;
		};
/* End XCBuildConfiguration section */

/* Begin XCConfigurationList section */
		81531DEE13E8C61A00507F78 /* Build configuration list for PBXProject "cliplogr" */ = {
			isa = XCConfigurationList;
			buildConfigurations = (
				81531E0D13E8C61B00507F78 /* Debug */,
				81531E0E13E8C61B00507F78 /* Release */,
			);
			defaultConfigurationIsVisible = 0;
			defaultConfigurationName = Release;
		};
		81531E0F13E8C61B00507F78 /* Build configuration list for PBXNativeTarget "cliplogr" */ = {
			isa = XCConfigurationList;
			buildConfigurations = (
				81531E1013E8C61B00507F78 /* Debug */,
				81531E1113E8C61B00507F78 /* Release */,
			);
			defaultConfigurationIsVisible = 0;
		};
/* End XCConfigurationList section */

/* Begin XCVersionGroup section */
		81531E6913E8C68E00507F78 /* cliplogr.xcdatamodeld */ = {
			isa = XCVersionGroup;
			children = (
				81531E6A13E8C68E00507F78 /* cliplogr.xcdatamodel */,
			);
			currentVersion = 81531E6A13E8C68E00507F78 /* cliplogr.xcdatamodel */;
			path = cliplogr.xcdatamodeld;
			sourceTree = "<group>";
			versionGroupType = wrapper.xcdatamodel;
		};
/* End XCVersionGroup section */
	};
	rootObject = 81531DEB13E8C61A00507F78 /* Project object */;
}
